// !$*UTF8*$!
{
	archiveVersion = 1;
	classes = {
	};
	objectVersion = 46;
	objects = {

/* Begin PBXAggregateTarget section */
		502827F020326A230035B084 /* Docs */ = {
			isa = PBXAggregateTarget;
			buildConfigurationList = 502827F320326A230035B084 /* Build configuration list for PBXAggregateTarget "Docs" */;
			buildPhases = (
				502827F420326A290035B084 /* ShellScript */,
			);
			dependencies = (
			);
			name = Docs;
			productName = Docs;
		};
		50FB5802202658B2007A36CF /* Universal */ = {
			isa = PBXAggregateTarget;
			buildConfigurationList = 50FB5805202658B2007A36CF /* Build configuration list for PBXAggregateTarget "Universal" */;
			buildPhases = (
				50FB5806202658F1007A36CF /* ShellScript */,
			);
			dependencies = (
			);
			name = Universal;
			productName = Universal;
		};
		"IotaKit::IotaKitPackageTests::ProductTarget" /* IotaKitPackageTests */ = {
			isa = PBXAggregateTarget;
			buildConfigurationList = OBJ_39 /* Build configuration list for PBXAggregateTarget "IotaKitPackageTests" */;
			buildPhases = (
			);
			dependencies = (
				OBJ_42 /* PBXTargetDependency */,
			);
			name = IotaKitPackageTests;
			productName = IotaKitPackageTests;
		};
/* End PBXAggregateTarget section */

/* Begin PBXBuildFile section */
		472A935420B8D11D00BA091C /* CPow.swift in Sources */ = {isa = PBXBuildFile; fileRef = 4749509920B8C648005CA71B /* CPow.swift */; };
		472A935520B8D11E00BA091C /* CPow.swift in Sources */ = {isa = PBXBuildFile; fileRef = 4749509920B8C648005CA71B /* CPow.swift */; };
		472A935620B8D11E00BA091C /* CPow.swift in Sources */ = {isa = PBXBuildFile; fileRef = 4749509920B8C648005CA71B /* CPow.swift */; };
		4749506C20B8B587005CA71B /* hashcash.c in Sources */ = {isa = PBXBuildFile; fileRef = 4749505D20B8B587005CA71B /* hashcash.c */; };
		4749506D20B8B587005CA71B /* hashcash.c in Sources */ = {isa = PBXBuildFile; fileRef = 4749505D20B8B587005CA71B /* hashcash.c */; };
		4749506E20B8B587005CA71B /* hashcash.c in Sources */ = {isa = PBXBuildFile; fileRef = 4749505D20B8B587005CA71B /* hashcash.c */; };
		4749506F20B8B587005CA71B /* pearl_diver.c in Sources */ = {isa = PBXBuildFile; fileRef = 4749506920B8B587005CA71B /* pearl_diver.c */; };
		4749507020B8B587005CA71B /* pearl_diver.c in Sources */ = {isa = PBXBuildFile; fileRef = 4749506920B8B587005CA71B /* pearl_diver.c */; };
		4749507120B8B587005CA71B /* pearl_diver.c in Sources */ = {isa = PBXBuildFile; fileRef = 4749506920B8B587005CA71B /* pearl_diver.c */; };
		4749507220B8B587005CA71B /* _pow.c in Sources */ = {isa = PBXBuildFile; fileRef = 4749506A20B8B587005CA71B /* _pow.c */; };
		4749507320B8B587005CA71B /* _pow.c in Sources */ = {isa = PBXBuildFile; fileRef = 4749506A20B8B587005CA71B /* _pow.c */; };
		4749507420B8B587005CA71B /* _pow.c in Sources */ = {isa = PBXBuildFile; fileRef = 4749506A20B8B587005CA71B /* _pow.c */; };
		4749507520B8B587005CA71B /* trit_tryte.c in Sources */ = {isa = PBXBuildFile; fileRef = 4749506B20B8B587005CA71B /* trit_tryte.c */; };
		4749507620B8B587005CA71B /* trit_tryte.c in Sources */ = {isa = PBXBuildFile; fileRef = 4749506B20B8B587005CA71B /* trit_tryte.c */; };
		4749507720B8B587005CA71B /* trit_tryte.c in Sources */ = {isa = PBXBuildFile; fileRef = 4749506B20B8B587005CA71B /* trit_tryte.c */; };
		4749507B20B8B78D005CA71B /* ptrit_incr.c in Sources */ = {isa = PBXBuildFile; fileRef = 4749507A20B8B78D005CA71B /* ptrit_incr.c */; };
		4749507C20B8B78D005CA71B /* ptrit_incr.c in Sources */ = {isa = PBXBuildFile; fileRef = 4749507A20B8B78D005CA71B /* ptrit_incr.c */; };
		4749507D20B8B78D005CA71B /* ptrit_incr.c in Sources */ = {isa = PBXBuildFile; fileRef = 4749507A20B8B78D005CA71B /* ptrit_incr.c */; };
		4749508020B8B7C3005CA71B /* trit_ptrit.c in Sources */ = {isa = PBXBuildFile; fileRef = 4749507F20B8B7C3005CA71B /* trit_ptrit.c */; };
		4749508120B8B7C3005CA71B /* trit_ptrit.c in Sources */ = {isa = PBXBuildFile; fileRef = 4749507F20B8B7C3005CA71B /* trit_ptrit.c */; };
		4749508220B8B7C3005CA71B /* trit_ptrit.c in Sources */ = {isa = PBXBuildFile; fileRef = 4749507F20B8B7C3005CA71B /* trit_ptrit.c */; };
		4749508620B8B99B005CA71B /* pow.c in Sources */ = {isa = PBXBuildFile; fileRef = 4749508520B8B99B005CA71B /* pow.c */; };
		4749508720B8B99B005CA71B /* pow.c in Sources */ = {isa = PBXBuildFile; fileRef = 4749508520B8B99B005CA71B /* pow.c */; };
		4749508820B8B99B005CA71B /* pow.c in Sources */ = {isa = PBXBuildFile; fileRef = 4749508520B8B99B005CA71B /* pow.c */; };
		4749508A20B8BA78005CA71B /* curl_p_ptrit.c in Sources */ = {isa = PBXBuildFile; fileRef = 4749508920B8BA78005CA71B /* curl_p_ptrit.c */; };
		4749508B20B8BA78005CA71B /* curl_p_ptrit.c in Sources */ = {isa = PBXBuildFile; fileRef = 4749508920B8BA78005CA71B /* curl_p_ptrit.c */; };
		4749508C20B8BA78005CA71B /* curl_p_ptrit.c in Sources */ = {isa = PBXBuildFile; fileRef = 4749508920B8BA78005CA71B /* curl_p_ptrit.c */; };
		4749509620B8BD10005CA71B /* curl_p.c in Sources */ = {isa = PBXBuildFile; fileRef = 4749509520B8BD10005CA71B /* curl_p.c */; };
		4749509720B8BD10005CA71B /* curl_p.c in Sources */ = {isa = PBXBuildFile; fileRef = 4749509520B8BD10005CA71B /* curl_p.c */; };
		4749509820B8BD10005CA71B /* curl_p.c in Sources */ = {isa = PBXBuildFile; fileRef = 4749509520B8BD10005CA71B /* curl_p.c */; };
		50211AF12051EAD300685CE5 /* sha3.c in Sources */ = {isa = PBXBuildFile; fileRef = 50211AF02051EAD300685CE5 /* sha3.c */; };
		50211AF22051EAD300685CE5 /* sha3.c in Sources */ = {isa = PBXBuildFile; fileRef = 50211AF02051EAD300685CE5 /* sha3.c */; };
		50211AF32051EAD300685CE5 /* sha3.c in Sources */ = {isa = PBXBuildFile; fileRef = 50211AF02051EAD300685CE5 /* sha3.c */; };
		50211AFF2053108500685CE5 /* ConversionTests.swift in Sources */ = {isa = PBXBuildFile; fileRef = 50211AFE2053108500685CE5 /* ConversionTests.swift */; };
		503F6336200B66B700CE0F6F /* IotaNodeSelector.swift in Sources */ = {isa = PBXBuildFile; fileRef = 503F6335200B66B700CE0F6F /* IotaNodeSelector.swift */; };
		504C6C242006AF8A007C6C7E /* Kerl.swift in Sources */ = {isa = PBXBuildFile; fileRef = 504C6C0E2006AF89007C6C7E /* Kerl.swift */; };
		504C6C252006AF8A007C6C7E /* WSUtils.swift in Sources */ = {isa = PBXBuildFile; fileRef = 504C6C102006AF89007C6C7E /* WSUtils.swift */; };
		504C6C262006AF8A007C6C7E /* Utils.swift in Sources */ = {isa = PBXBuildFile; fileRef = 504C6C112006AF89007C6C7E /* Utils.swift */; };
		504C6C272006AF8A007C6C7E /* Iota.swift in Sources */ = {isa = PBXBuildFile; fileRef = 504C6C122006AF89007C6C7E /* Iota.swift */; };
		504C6C282006AF8A007C6C7E /* IotaAPIUtils.swift in Sources */ = {isa = PBXBuildFile; fileRef = 504C6C132006AF89007C6C7E /* IotaAPIUtils.swift */; };
		504C6C2B2006AF8A007C6C7E /* IotaSigning.swift in Sources */ = {isa = PBXBuildFile; fileRef = 504C6C182006AF89007C6C7E /* IotaSigning.swift */; };
		504C6C2C2006AF8A007C6C7E /* Sha3.swift in Sources */ = {isa = PBXBuildFile; fileRef = 504C6C192006AF89007C6C7E /* Sha3.swift */; };
		504C6C2D2006AF8A007C6C7E /* IotaChecksum.swift in Sources */ = {isa = PBXBuildFile; fileRef = 504C6C1A2006AF89007C6C7E /* IotaChecksum.swift */; };
		504C6C2E2006AF8A007C6C7E /* IotaConverter.swift in Sources */ = {isa = PBXBuildFile; fileRef = 504C6C1B2006AF89007C6C7E /* IotaConverter.swift */; };
		504C6C2F2006AF8A007C6C7E /* IotaAPIService.swift in Sources */ = {isa = PBXBuildFile; fileRef = 504C6C1C2006AF89007C6C7E /* IotaAPIService.swift */; };
		504C6C312006AF8A007C6C7E /* PAWS.swift in Sources */ = {isa = PBXBuildFile; fileRef = 504C6C1F2006AF8A007C6C7E /* PAWS.swift */; };
		504C6C322006AF8A007C6C7E /* IotaAPIServiceProtocol.swift in Sources */ = {isa = PBXBuildFile; fileRef = 504C6C202006AF8A007C6C7E /* IotaAPIServiceProtocol.swift */; };
		504C6C332006AF8A007C6C7E /* IotaModels.swift in Sources */ = {isa = PBXBuildFile; fileRef = 504C6C232006AF8A007C6C7E /* IotaModels.swift */; };
		50E32CED2020FCE9001017D6 /* IotaUnits.swift in Sources */ = {isa = PBXBuildFile; fileRef = 50E32CEC2020FCE9001017D6 /* IotaUnits.swift */; };
		50E32CEE2020FCE9001017D6 /* IotaUnits.swift in Sources */ = {isa = PBXBuildFile; fileRef = 50E32CEC2020FCE9001017D6 /* IotaUnits.swift */; };
		50E32CF020210BE7001017D6 /* IotaUnitsTests.swift in Sources */ = {isa = PBXBuildFile; fileRef = 50E32CEF20210BE7001017D6 /* IotaUnitsTests.swift */; };
		50F1DF87200C26FE005D91C6 /* IotaBundleExtension.swift in Sources */ = {isa = PBXBuildFile; fileRef = 50F1DF86200C26FE005D91C6 /* IotaBundleExtension.swift */; };
		50F1DF8C200C2C62005D91C6 /* IotaTransactionExtension.swift in Sources */ = {isa = PBXBuildFile; fileRef = 50F1DF8B200C2C62005D91C6 /* IotaTransactionExtension.swift */; };
		50F1DF96200EE7AD005D91C6 /* IotaLocalPow.swift in Sources */ = {isa = PBXBuildFile; fileRef = 50F1DF94200EE7AD005D91C6 /* IotaLocalPow.swift */; };
		50F1DF97200EE7AD005D91C6 /* PearlDiver.swift in Sources */ = {isa = PBXBuildFile; fileRef = 50F1DF95200EE7AD005D91C6 /* PearlDiver.swift */; };
		50F33155200D308200DC6E5B /* CurlSource.swift in Sources */ = {isa = PBXBuildFile; fileRef = 50F33154200D308200DC6E5B /* CurlSource.swift */; };
		50F33157200D34E800DC6E5B /* Curl.swift in Sources */ = {isa = PBXBuildFile; fileRef = 50F33156200D34E800DC6E5B /* Curl.swift */; };
		50F3315E200D73E300DC6E5B /* IotaInputValidator.swift in Sources */ = {isa = PBXBuildFile; fileRef = 50F3315A200D6F3300DC6E5B /* IotaInputValidator.swift */; };
		50F3315F200D744800DC6E5B /* IotaConstants.swift in Sources */ = {isa = PBXBuildFile; fileRef = 50F3315C200D6FA300DC6E5B /* IotaConstants.swift */; };
		50F33163200FB6C300DC6E5B /* PearlDiver.swift in Sources */ = {isa = PBXBuildFile; fileRef = 50F1DF95200EE7AD005D91C6 /* PearlDiver.swift */; };
		50F33164200FB6C800DC6E5B /* Kerl.swift in Sources */ = {isa = PBXBuildFile; fileRef = 504C6C0E2006AF89007C6C7E /* Kerl.swift */; };
		50F33165200FB6C800DC6E5B /* CurlSource.swift in Sources */ = {isa = PBXBuildFile; fileRef = 50F33154200D308200DC6E5B /* CurlSource.swift */; };
		50F33166200FB6C800DC6E5B /* Curl.swift in Sources */ = {isa = PBXBuildFile; fileRef = 50F33156200D34E800DC6E5B /* Curl.swift */; };
		50F33167200FB6C800DC6E5B /* IotaLocalPow.swift in Sources */ = {isa = PBXBuildFile; fileRef = 50F1DF94200EE7AD005D91C6 /* IotaLocalPow.swift */; };
		50F33168200FB6CD00DC6E5B /* IotaBundleExtension.swift in Sources */ = {isa = PBXBuildFile; fileRef = 50F1DF86200C26FE005D91C6 /* IotaBundleExtension.swift */; };
		50F33169200FB6CD00DC6E5B /* IotaTransactionExtension.swift in Sources */ = {isa = PBXBuildFile; fileRef = 50F1DF8B200C2C62005D91C6 /* IotaTransactionExtension.swift */; };
		50F3316A200FB6D200DC6E5B /* Sha3.swift in Sources */ = {isa = PBXBuildFile; fileRef = 504C6C192006AF89007C6C7E /* Sha3.swift */; };
		50F3316B200FB6D200DC6E5B /* IotaChecksum.swift in Sources */ = {isa = PBXBuildFile; fileRef = 504C6C1A2006AF89007C6C7E /* IotaChecksum.swift */; };
		50F3316C200FB6D200DC6E5B /* IotaNodeSelector.swift in Sources */ = {isa = PBXBuildFile; fileRef = 503F6335200B66B700CE0F6F /* IotaNodeSelector.swift */; };
		50F3316D200FB6D200DC6E5B /* IotaInputValidator.swift in Sources */ = {isa = PBXBuildFile; fileRef = 50F3315A200D6F3300DC6E5B /* IotaInputValidator.swift */; };
		50F3316E200FB6D200DC6E5B /* IotaConverter.swift in Sources */ = {isa = PBXBuildFile; fileRef = 504C6C1B2006AF89007C6C7E /* IotaConverter.swift */; };
		50F3316F200FB6D200DC6E5B /* IotaConstants.swift in Sources */ = {isa = PBXBuildFile; fileRef = 50F3315C200D6FA300DC6E5B /* IotaConstants.swift */; };
		50F33170200FB6D200DC6E5B /* Iota.swift in Sources */ = {isa = PBXBuildFile; fileRef = 504C6C122006AF89007C6C7E /* Iota.swift */; };
		50F33171200FB6D200DC6E5B /* IotaAPIService.swift in Sources */ = {isa = PBXBuildFile; fileRef = 504C6C1C2006AF89007C6C7E /* IotaAPIService.swift */; };
		50F33172200FB6D200DC6E5B /* IotaAPIUtils.swift in Sources */ = {isa = PBXBuildFile; fileRef = 504C6C132006AF89007C6C7E /* IotaAPIUtils.swift */; };
		50F33173200FB6D200DC6E5B /* IotaModels.swift in Sources */ = {isa = PBXBuildFile; fileRef = 504C6C232006AF8A007C6C7E /* IotaModels.swift */; };
		50F33174200FB6D200DC6E5B /* IotaSigning.swift in Sources */ = {isa = PBXBuildFile; fileRef = 504C6C182006AF89007C6C7E /* IotaSigning.swift */; };
		50F33175200FB6D900DC6E5B /* PAWS.swift in Sources */ = {isa = PBXBuildFile; fileRef = 504C6C1F2006AF8A007C6C7E /* PAWS.swift */; };
		50F33176200FB6D900DC6E5B /* IotaAPIServiceProtocol.swift in Sources */ = {isa = PBXBuildFile; fileRef = 504C6C202006AF8A007C6C7E /* IotaAPIServiceProtocol.swift */; };
		50F33177200FB6DD00DC6E5B /* WSUtils.swift in Sources */ = {isa = PBXBuildFile; fileRef = 504C6C102006AF89007C6C7E /* WSUtils.swift */; };
		50F33178200FB6DD00DC6E5B /* Utils.swift in Sources */ = {isa = PBXBuildFile; fileRef = 504C6C112006AF89007C6C7E /* Utils.swift */; };
		50F331812010185300DC6E5B /* PearlDiverLocalPow.swift in Sources */ = {isa = PBXBuildFile; fileRef = 50F3317F2010182800DC6E5B /* PearlDiverLocalPow.swift */; };
		50F331822010185300DC6E5B /* PearlDiverLocalPow.swift in Sources */ = {isa = PBXBuildFile; fileRef = 50F3317F2010182800DC6E5B /* PearlDiverLocalPow.swift */; };
		50F3318620110CB600DC6E5B /* APIsTests.swift in Sources */ = {isa = PBXBuildFile; fileRef = 50F3318520110CB600DC6E5B /* APIsTests.swift */; };
		50F60D2C2050916200112585 /* IotaMultisig.swift in Sources */ = {isa = PBXBuildFile; fileRef = 50F60D2B2050916200112585 /* IotaMultisig.swift */; };
		50F60D2D2050916200112585 /* IotaMultisig.swift in Sources */ = {isa = PBXBuildFile; fileRef = 50F60D2B2050916200112585 /* IotaMultisig.swift */; };
		50F60D2E2050916200112585 /* IotaMultisig.swift in Sources */ = {isa = PBXBuildFile; fileRef = 50F60D2B2050916200112585 /* IotaMultisig.swift */; };
		50F60D3020509C6E00112585 /* IotaMultisigTests.swift in Sources */ = {isa = PBXBuildFile; fileRef = 50F60D2F20509C6E00112585 /* IotaMultisigTests.swift */; };
		OBJ_21 /* Package.swift in Sources */ = {isa = PBXBuildFile; fileRef = OBJ_6 /* Package.swift */; };
		OBJ_27 /* IotaKitTests.swift in Sources */ = {isa = PBXBuildFile; fileRef = OBJ_12 /* IotaKitTests.swift */; };
		OBJ_29 /* IotaKit.framework in Frameworks */ = {isa = PBXBuildFile; fileRef = "IotaKit::IotaKit::Product" /* IotaKit.framework */; };
/* End PBXBuildFile section */

/* Begin PBXContainerItemProxy section */
		504C6C0C2006AF40007C6C7E /* PBXContainerItemProxy */ = {
			isa = PBXContainerItemProxy;
			containerPortal = OBJ_1 /* Project object */;
			proxyType = 1;
			remoteGlobalIDString = "IotaKit::IotaKit";
			remoteInfo = IotaKit;
		};
		504C6C0D2006AF41007C6C7E /* PBXContainerItemProxy */ = {
			isa = PBXContainerItemProxy;
			containerPortal = OBJ_1 /* Project object */;
			proxyType = 1;
			remoteGlobalIDString = "IotaKit::IotaKitTests";
			remoteInfo = IotaKitTests;
		};
/* End PBXContainerItemProxy section */

/* Begin PBXFileReference section */
		472A935120B8CDBA00BA091C /* CoreFoundation.framework */ = {isa = PBXFileReference; lastKnownFileType = wrapper.framework; name = CoreFoundation.framework; path = System/Library/Frameworks/CoreFoundation.framework; sourceTree = SDKROOT; };
		4749505D20B8B587005CA71B /* hashcash.c */ = {isa = PBXFileReference; fileEncoding = 4; lastKnownFileType = sourcecode.c.c; path = hashcash.c; sourceTree = "<group>"; };
		4749505F20B8B587005CA71B /* const.h */ = {isa = PBXFileReference; fileEncoding = 4; lastKnownFileType = sourcecode.c.h; path = const.h; sourceTree = "<group>"; };
		4749506020B8B587005CA71B /* hashcash.h */ = {isa = PBXFileReference; fileEncoding = 4; lastKnownFileType = sourcecode.c.h; path = hashcash.h; sourceTree = "<group>"; };
		4749506120B8B587005CA71B /* module.modulemap */ = {isa = PBXFileReference; fileEncoding = 4; lastKnownFileType = "sourcecode.module-map"; path = module.modulemap; sourceTree = "<group>"; };
		4749506220B8B587005CA71B /* pearl_diver.h */ = {isa = PBXFileReference; fileEncoding = 4; lastKnownFileType = sourcecode.c.h; path = pearl_diver.h; sourceTree = "<group>"; };
		4749506320B8B587005CA71B /* _pow.h */ = {isa = PBXFileReference; fileEncoding = 4; lastKnownFileType = sourcecode.c.h; path = _pow.h; sourceTree = "<group>"; };
		4749506420B8B587005CA71B /* stdint.h */ = {isa = PBXFileReference; fileEncoding = 4; lastKnownFileType = sourcecode.c.h; path = stdint.h; sourceTree = "<group>"; };
		4749506520B8B587005CA71B /* trit.h */ = {isa = PBXFileReference; fileEncoding = 4; lastKnownFileType = sourcecode.c.h; path = trit.h; sourceTree = "<group>"; };
		4749506620B8B587005CA71B /* trit_tryte.h */ = {isa = PBXFileReference; fileEncoding = 4; lastKnownFileType = sourcecode.c.h; path = trit_tryte.h; sourceTree = "<group>"; };
		4749506720B8B587005CA71B /* trits.h */ = {isa = PBXFileReference; fileEncoding = 4; lastKnownFileType = sourcecode.c.h; path = trits.h; sourceTree = "<group>"; };
		4749506820B8B587005CA71B /* tryte.h */ = {isa = PBXFileReference; fileEncoding = 4; lastKnownFileType = sourcecode.c.h; path = tryte.h; sourceTree = "<group>"; };
		4749506920B8B587005CA71B /* pearl_diver.c */ = {isa = PBXFileReference; fileEncoding = 4; lastKnownFileType = sourcecode.c.c; path = pearl_diver.c; sourceTree = "<group>"; };
		4749506A20B8B587005CA71B /* _pow.c */ = {isa = PBXFileReference; fileEncoding = 4; lastKnownFileType = sourcecode.c.c; path = _pow.c; sourceTree = "<group>"; };
		4749506B20B8B587005CA71B /* trit_tryte.c */ = {isa = PBXFileReference; fileEncoding = 4; lastKnownFileType = sourcecode.c.c; path = trit_tryte.c; sourceTree = "<group>"; };
		4749507820B8B5C9005CA71B /* ptrit.h */ = {isa = PBXFileReference; lastKnownFileType = sourcecode.c.h; path = ptrit.h; sourceTree = "<group>"; };
		4749507920B8B784005CA71B /* ptrit_incr.h */ = {isa = PBXFileReference; lastKnownFileType = sourcecode.c.h; path = ptrit_incr.h; sourceTree = "<group>"; };
		4749507A20B8B78D005CA71B /* ptrit_incr.c */ = {isa = PBXFileReference; fileEncoding = 4; lastKnownFileType = sourcecode.c.c; path = ptrit_incr.c; sourceTree = "<group>"; };
		4749507E20B8B7A7005CA71B /* trit_ptrit.h */ = {isa = PBXFileReference; lastKnownFileType = sourcecode.c.h; path = trit_ptrit.h; sourceTree = "<group>"; };
		4749507F20B8B7C3005CA71B /* trit_ptrit.c */ = {isa = PBXFileReference; fileEncoding = 4; lastKnownFileType = sourcecode.c.c; path = trit_ptrit.c; sourceTree = "<group>"; };
		4749508320B8B8AF005CA71B /* pcurl_ptrit.h */ = {isa = PBXFileReference; lastKnownFileType = sourcecode.c.h; path = pcurl_ptrit.h; sourceTree = "<group>"; };
		4749508420B8B993005CA71B /* pow.h */ = {isa = PBXFileReference; lastKnownFileType = sourcecode.c.h; path = pow.h; sourceTree = "<group>"; };
		4749508520B8B99B005CA71B /* pow.c */ = {isa = PBXFileReference; fileEncoding = 4; lastKnownFileType = sourcecode.c.c; path = pow.c; sourceTree = "<group>"; };
		4749508920B8BA78005CA71B /* curl_p_ptrit.c */ = {isa = PBXFileReference; fileEncoding = 4; lastKnownFileType = sourcecode.c.c; path = curl_p_ptrit.c; sourceTree = "<group>"; };
		4749508D20B8BA8E005CA71B /* indices.h */ = {isa = PBXFileReference; lastKnownFileType = sourcecode.c.h; path = indices.h; sourceTree = "<group>"; };
		4749508E20B8BB76005CA71B /* curl.h */ = {isa = PBXFileReference; lastKnownFileType = sourcecode.c.h; path = curl.h; sourceTree = "<group>"; };
		4749509320B8BBDE005CA71B /* hash.h */ = {isa = PBXFileReference; lastKnownFileType = sourcecode.c.h; path = hash.h; sourceTree = "<group>"; };
		4749509420B8BBF3005CA71B /* constants.h */ = {isa = PBXFileReference; lastKnownFileType = sourcecode.c.h; path = constants.h; sourceTree = "<group>"; };
		4749509520B8BD10005CA71B /* curl_p.c */ = {isa = PBXFileReference; fileEncoding = 4; lastKnownFileType = sourcecode.c.c; path = curl_p.c; sourceTree = "<group>"; };
		4749509920B8C648005CA71B /* CPow.swift */ = {isa = PBXFileReference; lastKnownFileType = sourcecode.swift; path = CPow.swift; sourceTree = "<group>"; };
		50211AEE2051EAD300685CE5 /* sha3.h */ = {isa = PBXFileReference; fileEncoding = 4; lastKnownFileType = sourcecode.c.h; path = sha3.h; sourceTree = "<group>"; };
		50211AF02051EAD300685CE5 /* sha3.c */ = {isa = PBXFileReference; fileEncoding = 4; lastKnownFileType = sourcecode.c.c; path = sha3.c; sourceTree = "<group>"; };
		50211AF42051EB5D00685CE5 /* module.modulemap */ = {isa = PBXFileReference; fileEncoding = 4; lastKnownFileType = "sourcecode.module-map"; path = module.modulemap; sourceTree = "<group>"; };
		50211AFE2053108500685CE5 /* ConversionTests.swift */ = {isa = PBXFileReference; lastKnownFileType = sourcecode.swift; path = ConversionTests.swift; sourceTree = "<group>"; };
		503F6335200B66B700CE0F6F /* IotaNodeSelector.swift */ = {isa = PBXFileReference; lastKnownFileType = sourcecode.swift; path = IotaNodeSelector.swift; sourceTree = "<group>"; };
		504C6C0E2006AF89007C6C7E /* Kerl.swift */ = {isa = PBXFileReference; fileEncoding = 4; lastKnownFileType = sourcecode.swift; path = Kerl.swift; sourceTree = "<group>"; };
		504C6C102006AF89007C6C7E /* WSUtils.swift */ = {isa = PBXFileReference; fileEncoding = 4; lastKnownFileType = sourcecode.swift; path = WSUtils.swift; sourceTree = "<group>"; };
		504C6C112006AF89007C6C7E /* Utils.swift */ = {isa = PBXFileReference; fileEncoding = 4; lastKnownFileType = sourcecode.swift; path = Utils.swift; sourceTree = "<group>"; };
		504C6C122006AF89007C6C7E /* Iota.swift */ = {isa = PBXFileReference; fileEncoding = 4; lastKnownFileType = sourcecode.swift; path = Iota.swift; sourceTree = "<group>"; };
		504C6C132006AF89007C6C7E /* IotaAPIUtils.swift */ = {isa = PBXFileReference; fileEncoding = 4; lastKnownFileType = sourcecode.swift; path = IotaAPIUtils.swift; sourceTree = "<group>"; };
		504C6C182006AF89007C6C7E /* IotaSigning.swift */ = {isa = PBXFileReference; fileEncoding = 4; lastKnownFileType = sourcecode.swift; path = IotaSigning.swift; sourceTree = "<group>"; };
		504C6C192006AF89007C6C7E /* Sha3.swift */ = {isa = PBXFileReference; fileEncoding = 4; lastKnownFileType = sourcecode.swift; path = Sha3.swift; sourceTree = "<group>"; };
		504C6C1A2006AF89007C6C7E /* IotaChecksum.swift */ = {isa = PBXFileReference; fileEncoding = 4; lastKnownFileType = sourcecode.swift; path = IotaChecksum.swift; sourceTree = "<group>"; };
		504C6C1B2006AF89007C6C7E /* IotaConverter.swift */ = {isa = PBXFileReference; fileEncoding = 4; lastKnownFileType = sourcecode.swift; path = IotaConverter.swift; sourceTree = "<group>"; };
		504C6C1C2006AF89007C6C7E /* IotaAPIService.swift */ = {isa = PBXFileReference; fileEncoding = 4; lastKnownFileType = sourcecode.swift; path = IotaAPIService.swift; sourceTree = "<group>"; };
		504C6C1F2006AF8A007C6C7E /* PAWS.swift */ = {isa = PBXFileReference; fileEncoding = 4; lastKnownFileType = sourcecode.swift; path = PAWS.swift; sourceTree = "<group>"; };
		504C6C202006AF8A007C6C7E /* IotaAPIServiceProtocol.swift */ = {isa = PBXFileReference; fileEncoding = 4; lastKnownFileType = sourcecode.swift; path = IotaAPIServiceProtocol.swift; sourceTree = "<group>"; };
		504C6C232006AF8A007C6C7E /* IotaModels.swift */ = {isa = PBXFileReference; fileEncoding = 4; lastKnownFileType = sourcecode.swift; path = IotaModels.swift; sourceTree = "<group>"; };
		50E32CEC2020FCE9001017D6 /* IotaUnits.swift */ = {isa = PBXFileReference; lastKnownFileType = sourcecode.swift; path = IotaUnits.swift; sourceTree = "<group>"; };
		50E32CEF20210BE7001017D6 /* IotaUnitsTests.swift */ = {isa = PBXFileReference; lastKnownFileType = sourcecode.swift; path = IotaUnitsTests.swift; sourceTree = "<group>"; };
		50F1DF86200C26FE005D91C6 /* IotaBundleExtension.swift */ = {isa = PBXFileReference; lastKnownFileType = sourcecode.swift; path = IotaBundleExtension.swift; sourceTree = "<group>"; };
		50F1DF8B200C2C62005D91C6 /* IotaTransactionExtension.swift */ = {isa = PBXFileReference; lastKnownFileType = sourcecode.swift; path = IotaTransactionExtension.swift; sourceTree = "<group>"; };
		50F1DF94200EE7AD005D91C6 /* IotaLocalPow.swift */ = {isa = PBXFileReference; fileEncoding = 4; lastKnownFileType = sourcecode.swift; path = IotaLocalPow.swift; sourceTree = "<group>"; };
		50F1DF95200EE7AD005D91C6 /* PearlDiver.swift */ = {isa = PBXFileReference; fileEncoding = 4; lastKnownFileType = sourcecode.swift; path = PearlDiver.swift; sourceTree = "<group>"; };
		50F33154200D308200DC6E5B /* CurlSource.swift */ = {isa = PBXFileReference; lastKnownFileType = sourcecode.swift; path = CurlSource.swift; sourceTree = "<group>"; };
		50F33156200D34E800DC6E5B /* Curl.swift */ = {isa = PBXFileReference; lastKnownFileType = sourcecode.swift; path = Curl.swift; sourceTree = "<group>"; };
		50F3315A200D6F3300DC6E5B /* IotaInputValidator.swift */ = {isa = PBXFileReference; lastKnownFileType = sourcecode.swift; path = IotaInputValidator.swift; sourceTree = "<group>"; };
		50F3315C200D6FA300DC6E5B /* IotaConstants.swift */ = {isa = PBXFileReference; lastKnownFileType = sourcecode.swift; path = IotaConstants.swift; sourceTree = "<group>"; };
		50F3317B2010137000DC6E5B /* Crypto.swift */ = {isa = PBXFileReference; lastKnownFileType = sourcecode.swift; path = Crypto.swift; sourceTree = "<group>"; };
		50F3317F2010182800DC6E5B /* PearlDiverLocalPow.swift */ = {isa = PBXFileReference; lastKnownFileType = sourcecode.swift; path = PearlDiverLocalPow.swift; sourceTree = "<group>"; };
		50F3318520110CB600DC6E5B /* APIsTests.swift */ = {isa = PBXFileReference; lastKnownFileType = sourcecode.swift; path = APIsTests.swift; sourceTree = "<group>"; };
		50F60D2B2050916200112585 /* IotaMultisig.swift */ = {isa = PBXFileReference; lastKnownFileType = sourcecode.swift; path = IotaMultisig.swift; sourceTree = "<group>"; };
		50F60D2F20509C6E00112585 /* IotaMultisigTests.swift */ = {isa = PBXFileReference; lastKnownFileType = sourcecode.swift; path = IotaMultisigTests.swift; sourceTree = "<group>"; };
		"IotaKit::IotaKit::Product" /* IotaKit.framework */ = {isa = PBXFileReference; explicitFileType = wrapper.framework; path = IotaKit.framework; sourceTree = BUILT_PRODUCTS_DIR; };
		"IotaKit::IotaKitTests::Product" /* IotaKitTests.xctest */ = {isa = PBXFileReference; explicitFileType = wrapper.cfbundle; path = IotaKitTests.xctest; sourceTree = BUILT_PRODUCTS_DIR; };
		OBJ_12 /* IotaKitTests.swift */ = {isa = PBXFileReference; lastKnownFileType = sourcecode.swift; path = IotaKitTests.swift; sourceTree = "<group>"; };
		OBJ_6 /* Package.swift */ = {isa = PBXFileReference; explicitFileType = sourcecode.swift; path = Package.swift; sourceTree = "<group>"; };
/* End PBXFileReference section */

/* Begin PBXFrameworksBuildPhase section */
		OBJ_28 /* Frameworks */ = {
			isa = PBXFrameworksBuildPhase;
			buildActionMask = 0;
			files = (
				OBJ_29 /* IotaKit.framework in Frameworks */,
			);
			runOnlyForDeploymentPostprocessing = 0;
		};
		OBJ_37 /* Frameworks */ = {
			isa = PBXFrameworksBuildPhase;
			buildActionMask = 0;
			files = (
			);
			runOnlyForDeploymentPostprocessing = 0;
		};
/* End PBXFrameworksBuildPhase section */

/* Begin PBXGroup section */
		472A935020B8CDBA00BA091C /* Frameworks */ = {
			isa = PBXGroup;
			children = (
				472A935120B8CDBA00BA091C /* CoreFoundation.framework */,
			);
			name = Frameworks;
			sourceTree = "<group>";
		};
		4749505C20B8B587005CA71B /* cpow */ = {
			isa = PBXGroup;
			children = (
				4749505E20B8B587005CA71B /* include */,
				4749509520B8BD10005CA71B /* curl_p.c */,
				4749505D20B8B587005CA71B /* hashcash.c */,
				4749508520B8B99B005CA71B /* pow.c */,
				4749508920B8BA78005CA71B /* curl_p_ptrit.c */,
				4749506920B8B587005CA71B /* pearl_diver.c */,
				4749506A20B8B587005CA71B /* _pow.c */,
				4749506B20B8B587005CA71B /* trit_tryte.c */,
				4749507A20B8B78D005CA71B /* ptrit_incr.c */,
				4749507F20B8B7C3005CA71B /* trit_ptrit.c */,
			);
			name = cpow;
			path = Sources/cpow;
			sourceTree = "<group>";
		};
		4749505E20B8B587005CA71B /* include */ = {
			isa = PBXGroup;
			children = (
				4749509420B8BBF3005CA71B /* constants.h */,
				4749508D20B8BA8E005CA71B /* indices.h */,
				4749507E20B8B7A7005CA71B /* trit_ptrit.h */,
				4749507920B8B784005CA71B /* ptrit_incr.h */,
				4749508320B8B8AF005CA71B /* pcurl_ptrit.h */,
				4749507820B8B5C9005CA71B /* ptrit.h */,
				4749505F20B8B587005CA71B /* const.h */,
				4749506020B8B587005CA71B /* hashcash.h */,
				4749506120B8B587005CA71B /* module.modulemap */,
				4749506220B8B587005CA71B /* pearl_diver.h */,
				4749506320B8B587005CA71B /* _pow.h */,
				4749506420B8B587005CA71B /* stdint.h */,
				4749506520B8B587005CA71B /* trit.h */,
				4749506620B8B587005CA71B /* trit_tryte.h */,
				4749506720B8B587005CA71B /* trits.h */,
				4749506820B8B587005CA71B /* tryte.h */,
				4749508420B8B993005CA71B /* pow.h */,
				4749508E20B8BB76005CA71B /* curl.h */,
				4749509320B8BBDE005CA71B /* hash.h */,
			);
			path = include;
			sourceTree = "<group>";
		};
		50211AEC2051EAD300685CE5 /* sha3 */ = {
			isa = PBXGroup;
			children = (
				50211AED2051EAD300685CE5 /* include */,
				50211AF02051EAD300685CE5 /* sha3.c */,
			);
			name = sha3;
			path = Sources/sha3;
			sourceTree = "<group>";
		};
		50211AED2051EAD300685CE5 /* include */ = {
			isa = PBXGroup;
			children = (
				50211AF42051EB5D00685CE5 /* module.modulemap */,
				50211AEE2051EAD300685CE5 /* sha3.h */,
			);
			path = include;
			sourceTree = "<group>";
		};
		504C6C0F2006AF89007C6C7E /* Utils */ = {
			isa = PBXGroup;
			children = (
				504C6C102006AF89007C6C7E /* WSUtils.swift */,
				504C6C112006AF89007C6C7E /* Utils.swift */,
				50F3317B2010137000DC6E5B /* Crypto.swift */,
			);
			path = Utils;
			sourceTree = "<group>";
		};
		504C6C1E2006AF8A007C6C7E /* Connectors */ = {
			isa = PBXGroup;
			children = (
				504C6C1F2006AF8A007C6C7E /* PAWS.swift */,
				504C6C202006AF8A007C6C7E /* IotaAPIServiceProtocol.swift */,
			);
			path = Connectors;
			sourceTree = "<group>";
		};
		50F1DF8A200C29F3005D91C6 /* ModelExtensions */ = {
			isa = PBXGroup;
			children = (
				50F1DF86200C26FE005D91C6 /* IotaBundleExtension.swift */,
				50F1DF8B200C2C62005D91C6 /* IotaTransactionExtension.swift */,
			);
			path = ModelExtensions;
			sourceTree = "<group>";
		};
		50F33153200D304B00DC6E5B /* Pow */ = {
			isa = PBXGroup;
			children = (
				504C6C0E2006AF89007C6C7E /* Kerl.swift */,
				50F33154200D308200DC6E5B /* CurlSource.swift */,
				50F33156200D34E800DC6E5B /* Curl.swift */,
				50F1DF94200EE7AD005D91C6 /* IotaLocalPow.swift */,
				50F1DF95200EE7AD005D91C6 /* PearlDiver.swift */,
				50F3317F2010182800DC6E5B /* PearlDiverLocalPow.swift */,
				4749509920B8C648005CA71B /* CPow.swift */,
			);
			path = Pow;
			sourceTree = "<group>";
		};
		OBJ_10 /* Tests */ = {
			isa = PBXGroup;
			children = (
				OBJ_11 /* IotaKitTests */,
			);
			name = Tests;
			sourceTree = SOURCE_ROOT;
		};
		OBJ_11 /* IotaKitTests */ = {
			isa = PBXGroup;
			children = (
				OBJ_12 /* IotaKitTests.swift */,
				50F3318520110CB600DC6E5B /* APIsTests.swift */,
				50E32CEF20210BE7001017D6 /* IotaUnitsTests.swift */,
				50F60D2F20509C6E00112585 /* IotaMultisigTests.swift */,
				50211AFE2053108500685CE5 /* ConversionTests.swift */,
			);
			name = IotaKitTests;
			path = Tests/IotaKitTests;
			sourceTree = SOURCE_ROOT;
		};
		OBJ_13 /* Products */ = {
			isa = PBXGroup;
			children = (
				"IotaKit::IotaKitTests::Product" /* IotaKitTests.xctest */,
				"IotaKit::IotaKit::Product" /* IotaKit.framework */,
			);
			name = Products;
			sourceTree = BUILT_PRODUCTS_DIR;
		};
		OBJ_5 = {
			isa = PBXGroup;
			children = (
				OBJ_6 /* Package.swift */,
				OBJ_7 /* Sources */,
				OBJ_10 /* Tests */,
				OBJ_13 /* Products */,
				472A935020B8CDBA00BA091C /* Frameworks */,
			);
			sourceTree = "<group>";
		};
		OBJ_7 /* Sources */ = {
			isa = PBXGroup;
			children = (
				4749505C20B8B587005CA71B /* cpow */,
				50211AEC2051EAD300685CE5 /* sha3 */,
				OBJ_8 /* IotaKit */,
			);
			name = Sources;
			sourceTree = SOURCE_ROOT;
		};
		OBJ_8 /* IotaKit */ = {
			isa = PBXGroup;
			children = (
				50F33153200D304B00DC6E5B /* Pow */,
				504C6C1E2006AF8A007C6C7E /* Connectors */,
				504C6C0F2006AF89007C6C7E /* Utils */,
				50F1DF8A200C29F3005D91C6 /* ModelExtensions */,
				504C6C192006AF89007C6C7E /* Sha3.swift */,
				504C6C1A2006AF89007C6C7E /* IotaChecksum.swift */,
				503F6335200B66B700CE0F6F /* IotaNodeSelector.swift */,
				50F3315A200D6F3300DC6E5B /* IotaInputValidator.swift */,
				504C6C1B2006AF89007C6C7E /* IotaConverter.swift */,
				50F3315C200D6FA300DC6E5B /* IotaConstants.swift */,
				504C6C122006AF89007C6C7E /* Iota.swift */,
				504C6C1C2006AF89007C6C7E /* IotaAPIService.swift */,
				504C6C132006AF89007C6C7E /* IotaAPIUtils.swift */,
				504C6C232006AF8A007C6C7E /* IotaModels.swift */,
				504C6C182006AF89007C6C7E /* IotaSigning.swift */,
				50E32CEC2020FCE9001017D6 /* IotaUnits.swift */,
				50F60D2B2050916200112585 /* IotaMultisig.swift */,
			);
			name = IotaKit;
			path = Sources/IotaKit;
			sourceTree = SOURCE_ROOT;
		};
/* End PBXGroup section */

/* Begin PBXNativeTarget section */
		"IotaKit::IotaKit" /* IotaKit */ = {
			isa = PBXNativeTarget;
			buildConfigurationList = OBJ_32 /* Build configuration list for PBXNativeTarget "IotaKit" */;
			buildPhases = (
				OBJ_35 /* Sources */,
				OBJ_37 /* Frameworks */,
				504C6C6A2006B78D007C6C7E /* Resources */,
			);
			buildRules = (
			);
			dependencies = (
			);
			name = IotaKit;
			productName = IotaKit;
			productReference = "IotaKit::IotaKit::Product" /* IotaKit.framework */;
			productType = "com.apple.product-type.framework";
		};
		"IotaKit::IotaKitTests" /* IotaKitTests */ = {
			isa = PBXNativeTarget;
			buildConfigurationList = OBJ_23 /* Build configuration list for PBXNativeTarget "IotaKitTests" */;
			buildPhases = (
				OBJ_26 /* Sources */,
				OBJ_28 /* Frameworks */,
			);
			buildRules = (
			);
			dependencies = (
				OBJ_30 /* PBXTargetDependency */,
			);
			name = IotaKitTests;
			productName = IotaKitTests;
			productReference = "IotaKit::IotaKitTests::Product" /* IotaKitTests.xctest */;
			productType = "com.apple.product-type.bundle.unit-test";
		};
		"IotaKit::SwiftPMPackageDescription" /* IotaKitPackageDescription */ = {
			isa = PBXNativeTarget;
			buildConfigurationList = OBJ_17 /* Build configuration list for PBXNativeTarget "IotaKitPackageDescription" */;
			buildPhases = (
				OBJ_20 /* Sources */,
			);
			buildRules = (
			);
			dependencies = (
			);
			name = IotaKitPackageDescription;
			productName = IotaKitPackageDescription;
			productType = "com.apple.product-type.framework";
		};
/* End PBXNativeTarget section */

/* Begin PBXProject section */
		OBJ_1 /* Project object */ = {
			isa = PBXProject;
			attributes = {
				LastUpgradeCheck = 0930;
				TargetAttributes = {
					502827F020326A230035B084 = {
						CreatedOnToolsVersion = 9.2;
						DevelopmentTeam = NRSZN92M5X;
						ProvisioningStyle = Automatic;
					};
					50FB5802202658B2007A36CF = {
						CreatedOnToolsVersion = 9.2;
						DevelopmentTeam = NRSZN92M5X;
						LastSwiftMigration = 0920;
						ProvisioningStyle = Manual;
					};
					"IotaKit::IotaKit" = {
						LastSwiftMigration = 0920;
						ProvisioningStyle = Automatic;
					};
					"IotaKit::IotaKitPackageTests::ProductTarget" = {
						LastSwiftMigration = 0920;
					};
				};
			};
			buildConfigurationList = OBJ_2 /* Build configuration list for PBXProject "IotaKit" */;
			compatibilityVersion = "Xcode 3.2";
			developmentRegion = English;
			hasScannedForEncodings = 0;
			knownRegions = (
				en,
			);
			mainGroup = OBJ_5;
			productRefGroup = OBJ_13 /* Products */;
			projectDirPath = "";
			projectRoot = "";
			targets = (
				"IotaKit::SwiftPMPackageDescription" /* IotaKitPackageDescription */,
				"IotaKit::IotaKitTests" /* IotaKitTests */,
				"IotaKit::IotaKit" /* IotaKit */,
				"IotaKit::IotaKitPackageTests::ProductTarget" /* IotaKitPackageTests */,
				50FB5802202658B2007A36CF /* Universal */,
				502827F020326A230035B084 /* Docs */,
			);
		};
/* End PBXProject section */

/* Begin PBXResourcesBuildPhase section */
		504C6C6A2006B78D007C6C7E /* Resources */ = {
			isa = PBXResourcesBuildPhase;
			buildActionMask = 2147483647;
			files = (
			);
			runOnlyForDeploymentPostprocessing = 0;
		};
/* End PBXResourcesBuildPhase section */

/* Begin PBXShellScriptBuildPhase section */
		502827F420326A290035B084 /* ShellScript */ = {
			isa = PBXShellScriptBuildPhase;
			buildActionMask = 2147483647;
			files = (
			);
			inputPaths = (
			);
			outputPaths = (
			);
			runOnlyForDeploymentPostprocessing = 0;
			shellPath = /bin/sh;
			shellScript = "cd ${SRCROOT}/Scripts\n./gendocs.sh";
		};
		50FB5806202658F1007A36CF /* ShellScript */ = {
			isa = PBXShellScriptBuildPhase;
			buildActionMask = 2147483647;
			files = (
			);
			inputPaths = (
			);
			outputPaths = (
			);
			runOnlyForDeploymentPostprocessing = 0;
			shellPath = /bin/sh;
			shellScript = "cd ${SRCROOT}/Scripts\n./gen_universal_ios.sh";
		};
/* End PBXShellScriptBuildPhase section */

/* Begin PBXSourcesBuildPhase section */
		OBJ_20 /* Sources */ = {
			isa = PBXSourcesBuildPhase;
			buildActionMask = 0;
			files = (
				472A935420B8D11D00BA091C /* CPow.swift in Sources */,
				4749507220B8B587005CA71B /* _pow.c in Sources */,
				4749508A20B8BA78005CA71B /* curl_p_ptrit.c in Sources */,
				4749507520B8B587005CA71B /* trit_tryte.c in Sources */,
				4749509620B8BD10005CA71B /* curl_p.c in Sources */,
				50F60D2C2050916200112585 /* IotaMultisig.swift in Sources */,
				4749507B20B8B78D005CA71B /* ptrit_incr.c in Sources */,
				50211AF12051EAD300685CE5 /* sha3.c in Sources */,
				4749506C20B8B587005CA71B /* hashcash.c in Sources */,
				4749508620B8B99B005CA71B /* pow.c in Sources */,
				4749506F20B8B587005CA71B /* pearl_diver.c in Sources */,
				OBJ_21 /* Package.swift in Sources */,
				4749508020B8B7C3005CA71B /* trit_ptrit.c in Sources */,
			);
			runOnlyForDeploymentPostprocessing = 0;
		};
		OBJ_26 /* Sources */ = {
			isa = PBXSourcesBuildPhase;
			buildActionMask = 0;
			files = (
				OBJ_27 /* IotaKitTests.swift in Sources */,
				4749508B20B8BA78005CA71B /* curl_p_ptrit.c in Sources */,
				50F33170200FB6D200DC6E5B /* Iota.swift in Sources */,
				50F60D2D2050916200112585 /* IotaMultisig.swift in Sources */,
				50E32CED2020FCE9001017D6 /* IotaUnits.swift in Sources */,
				50F33169200FB6CD00DC6E5B /* IotaTransactionExtension.swift in Sources */,
				50F331822010185300DC6E5B /* PearlDiverLocalPow.swift in Sources */,
				472A935520B8D11E00BA091C /* CPow.swift in Sources */,
				50F33176200FB6D900DC6E5B /* IotaAPIServiceProtocol.swift in Sources */,
				4749507C20B8B78D005CA71B /* ptrit_incr.c in Sources */,
				50F33164200FB6C800DC6E5B /* Kerl.swift in Sources */,
				50F33175200FB6D900DC6E5B /* PAWS.swift in Sources */,
				50F33174200FB6D200DC6E5B /* IotaSigning.swift in Sources */,
				50211AF22051EAD300685CE5 /* sha3.c in Sources */,
				4749507020B8B587005CA71B /* pearl_diver.c in Sources */,
				50F33177200FB6DD00DC6E5B /* WSUtils.swift in Sources */,
				50F33165200FB6C800DC6E5B /* CurlSource.swift in Sources */,
				4749509720B8BD10005CA71B /* curl_p.c in Sources */,
				50F3316C200FB6D200DC6E5B /* IotaNodeSelector.swift in Sources */,
				50F3316A200FB6D200DC6E5B /* Sha3.swift in Sources */,
				50F3318620110CB600DC6E5B /* APIsTests.swift in Sources */,
				4749508720B8B99B005CA71B /* pow.c in Sources */,
				50211AFF2053108500685CE5 /* ConversionTests.swift in Sources */,
				50F33171200FB6D200DC6E5B /* IotaAPIService.swift in Sources */,
				50F3316E200FB6D200DC6E5B /* IotaConverter.swift in Sources */,
				50F60D3020509C6E00112585 /* IotaMultisigTests.swift in Sources */,
				50F33168200FB6CD00DC6E5B /* IotaBundleExtension.swift in Sources */,
				4749507320B8B587005CA71B /* _pow.c in Sources */,
				50F33163200FB6C300DC6E5B /* PearlDiver.swift in Sources */,
				50F33178200FB6DD00DC6E5B /* Utils.swift in Sources */,
				50E32CF020210BE7001017D6 /* IotaUnitsTests.swift in Sources */,
				50F3316B200FB6D200DC6E5B /* IotaChecksum.swift in Sources */,
				50F3316F200FB6D200DC6E5B /* IotaConstants.swift in Sources */,
				50F33166200FB6C800DC6E5B /* Curl.swift in Sources */,
				4749507620B8B587005CA71B /* trit_tryte.c in Sources */,
				50F3316D200FB6D200DC6E5B /* IotaInputValidator.swift in Sources */,
				50F33173200FB6D200DC6E5B /* IotaModels.swift in Sources */,
				50F33167200FB6C800DC6E5B /* IotaLocalPow.swift in Sources */,
				4749508120B8B7C3005CA71B /* trit_ptrit.c in Sources */,
				4749506D20B8B587005CA71B /* hashcash.c in Sources */,
				50F33172200FB6D200DC6E5B /* IotaAPIUtils.swift in Sources */,
			);
			runOnlyForDeploymentPostprocessing = 0;
		};
		OBJ_35 /* Sources */ = {
			isa = PBXSourcesBuildPhase;
			buildActionMask = 0;
			files = (
				4749508820B8B99B005CA71B /* pow.c in Sources */,
				50211AF32051EAD300685CE5 /* sha3.c in Sources */,
				504C6C242006AF8A007C6C7E /* Kerl.swift in Sources */,
				50F1DF87200C26FE005D91C6 /* IotaBundleExtension.swift in Sources */,
				503F6336200B66B700CE0F6F /* IotaNodeSelector.swift in Sources */,
				50F60D2E2050916200112585 /* IotaMultisig.swift in Sources */,
				4749507D20B8B78D005CA71B /* ptrit_incr.c in Sources */,
				50F3315F200D744800DC6E5B /* IotaConstants.swift in Sources */,
				4749508C20B8BA78005CA71B /* curl_p_ptrit.c in Sources */,
				504C6C2E2006AF8A007C6C7E /* IotaConverter.swift in Sources */,
				504C6C322006AF8A007C6C7E /* IotaAPIServiceProtocol.swift in Sources */,
				504C6C252006AF8A007C6C7E /* WSUtils.swift in Sources */,
				50F1DF96200EE7AD005D91C6 /* IotaLocalPow.swift in Sources */,
				50F3315E200D73E300DC6E5B /* IotaInputValidator.swift in Sources */,
				50F1DF97200EE7AD005D91C6 /* PearlDiver.swift in Sources */,
				4749506E20B8B587005CA71B /* hashcash.c in Sources */,
				504C6C272006AF8A007C6C7E /* Iota.swift in Sources */,
				504C6C282006AF8A007C6C7E /* IotaAPIUtils.swift in Sources */,
				4749509820B8BD10005CA71B /* curl_p.c in Sources */,
				504C6C2C2006AF8A007C6C7E /* Sha3.swift in Sources */,
				50F1DF8C200C2C62005D91C6 /* IotaTransactionExtension.swift in Sources */,
				4749508220B8B7C3005CA71B /* trit_ptrit.c in Sources */,
				50E32CEE2020FCE9001017D6 /* IotaUnits.swift in Sources */,
				504C6C262006AF8A007C6C7E /* Utils.swift in Sources */,
				4749507720B8B587005CA71B /* trit_tryte.c in Sources */,
				50F33157200D34E800DC6E5B /* Curl.swift in Sources */,
				504C6C2F2006AF8A007C6C7E /* IotaAPIService.swift in Sources */,
				4749507420B8B587005CA71B /* _pow.c in Sources */,
				50F331812010185300DC6E5B /* PearlDiverLocalPow.swift in Sources */,
				504C6C2D2006AF8A007C6C7E /* IotaChecksum.swift in Sources */,
				472A935620B8D11E00BA091C /* CPow.swift in Sources */,
				50F33155200D308200DC6E5B /* CurlSource.swift in Sources */,
				504C6C332006AF8A007C6C7E /* IotaModels.swift in Sources */,
				504C6C312006AF8A007C6C7E /* PAWS.swift in Sources */,
				504C6C2B2006AF8A007C6C7E /* IotaSigning.swift in Sources */,
				4749507120B8B587005CA71B /* pearl_diver.c in Sources */,
			);
			runOnlyForDeploymentPostprocessing = 0;
		};
/* End PBXSourcesBuildPhase section */

/* Begin PBXTargetDependency section */
		OBJ_30 /* PBXTargetDependency */ = {
			isa = PBXTargetDependency;
			target = "IotaKit::IotaKit" /* IotaKit */;
			targetProxy = 504C6C0C2006AF40007C6C7E /* PBXContainerItemProxy */;
		};
		OBJ_42 /* PBXTargetDependency */ = {
			isa = PBXTargetDependency;
			target = "IotaKit::IotaKitTests" /* IotaKitTests */;
			targetProxy = 504C6C0D2006AF41007C6C7E /* PBXContainerItemProxy */;
		};
/* End PBXTargetDependency section */

/* Begin XCBuildConfiguration section */
		502827F120326A230035B084 /* Debug */ = {
			isa = XCBuildConfiguration;
			buildSettings = {
				CODE_SIGN_STYLE = Automatic;
				DEVELOPMENT_TEAM = NRSZN92M5X;
				PRODUCT_NAME = "$(TARGET_NAME)";
			};
			name = Debug;
		};
		502827F220326A230035B084 /* Release */ = {
			isa = XCBuildConfiguration;
			buildSettings = {
				CODE_SIGN_STYLE = Automatic;
				DEVELOPMENT_TEAM = NRSZN92M5X;
				PRODUCT_NAME = "$(TARGET_NAME)";
			};
			name = Release;
		};
		50FB5803202658B2007A36CF /* Debug */ = {
			isa = XCBuildConfiguration;
			buildSettings = {
				CLANG_ENABLE_MODULES = YES;
				CODE_SIGN_STYLE = Manual;
				DEVELOPMENT_TEAM = "";
				LD_RUNPATH_SEARCH_PATHS = "$(inherited) @executable_path/Frameworks @loader_path/Frameworks";
				PRODUCT_NAME = "$(TARGET_NAME)";
				SWIFT_OPTIMIZATION_LEVEL = "-Onone";
				SWIFT_VERSION = 3.0;
			};
			name = Debug;
		};
		50FB5804202658B2007A36CF /* Release */ = {
			isa = XCBuildConfiguration;
			buildSettings = {
				CLANG_ENABLE_MODULES = YES;
				CODE_SIGN_STYLE = Manual;
				DEVELOPMENT_TEAM = "";
				LD_RUNPATH_SEARCH_PATHS = "$(inherited) @executable_path/Frameworks @loader_path/Frameworks";
				PRODUCT_NAME = "$(TARGET_NAME)";
				SWIFT_VERSION = 3.0;
			};
			name = Release;
		};
		OBJ_18 /* Debug */ = {
			isa = XCBuildConfiguration;
			buildSettings = {
				HEADER_SEARCH_PATHS = "";
				IPHONEOS_DEPLOYMENT_TARGET = 8.0;
				LD = /usr/bin/true;
				OTHER_SWIFT_FLAGS = "-swift-version 4 -I /Applications/Xcode.app/Contents/Developer/Toolchains/XcodeDefault.xctoolchain/usr/lib/swift/pm/4 -target x86_64-apple-macosx10.10 -sdk /Applications/Xcode.app/Contents/Developer/Platforms/MacOSX.platform/Developer/SDKs/MacOSX10.13.sdk";
				SWIFT_VERSION = 4.0;
			};
			name = Debug;
		};
		OBJ_19 /* Release */ = {
			isa = XCBuildConfiguration;
			buildSettings = {
				HEADER_SEARCH_PATHS = "";
				IPHONEOS_DEPLOYMENT_TARGET = 8.0;
				LD = /usr/bin/true;
				OTHER_SWIFT_FLAGS = "-swift-version 4 -I /Applications/Xcode.app/Contents/Developer/Toolchains/XcodeDefault.xctoolchain/usr/lib/swift/pm/4 -target x86_64-apple-macosx10.10 -sdk /Applications/Xcode.app/Contents/Developer/Platforms/MacOSX.platform/Developer/SDKs/MacOSX10.13.sdk";
				SWIFT_VERSION = 4.0;
			};
			name = Release;
		};
		OBJ_24 /* Debug */ = {
			isa = XCBuildConfiguration;
			buildSettings = {
				ALWAYS_EMBED_SWIFT_STANDARD_LIBRARIES = YES;
				CLANG_ENABLE_MODULES = NO;
				FRAMEWORK_SEARCH_PATHS = (
					"$(inherited)",
					"$(PLATFORM_DIR)/Developer/Library/Frameworks",
				);
				HEADER_SEARCH_PATHS = "$(inherited)";
				INFOPLIST_FILE = IotaKit.xcodeproj/IotaKitTests_Info.plist;
				LD_RUNPATH_SEARCH_PATHS = "@loader_path/../Frameworks @loader_path/Frameworks";
				OTHER_LDFLAGS = "$(inherited)";
				OTHER_SWIFT_FLAGS = "$(inherited)";
				SWIFT_OPTIMIZATION_LEVEL = "-Onone";
				SWIFT_VERSION = 4.0;
				TARGET_NAME = IotaKitTests;
			};
			name = Debug;
		};
		OBJ_25 /* Release */ = {
			isa = XCBuildConfiguration;
			buildSettings = {
				ALWAYS_EMBED_SWIFT_STANDARD_LIBRARIES = YES;
				CLANG_ENABLE_MODULES = NO;
				FRAMEWORK_SEARCH_PATHS = (
					"$(inherited)",
					"$(PLATFORM_DIR)/Developer/Library/Frameworks",
				);
				HEADER_SEARCH_PATHS = "$(inherited)";
				INFOPLIST_FILE = IotaKit.xcodeproj/IotaKitTests_Info.plist;
				LD_RUNPATH_SEARCH_PATHS = "@loader_path/../Frameworks @loader_path/Frameworks";
				OTHER_LDFLAGS = "$(inherited)";
				OTHER_SWIFT_FLAGS = "$(inherited)";
				SWIFT_OPTIMIZATION_LEVEL = "-Owholemodule";
				SWIFT_VERSION = 4.0;
				TARGET_NAME = IotaKitTests;
			};
			name = Release;
		};
		OBJ_3 /* Debug */ = {
			isa = XCBuildConfiguration;
			buildSettings = {
				CLANG_ENABLE_OBJC_ARC = YES;
				CLANG_WARN_BLOCK_CAPTURE_AUTORELEASING = YES;
				CLANG_WARN_BOOL_CONVERSION = YES;
				CLANG_WARN_COMMA = YES;
				CLANG_WARN_CONSTANT_CONVERSION = YES;
				CLANG_WARN_DEPRECATED_OBJC_IMPLEMENTATIONS = YES;
				CLANG_WARN_EMPTY_BODY = YES;
				CLANG_WARN_ENUM_CONVERSION = YES;
				CLANG_WARN_INFINITE_RECURSION = YES;
				CLANG_WARN_INT_CONVERSION = YES;
				CLANG_WARN_NON_LITERAL_NULL_CONVERSION = YES;
				CLANG_WARN_OBJC_IMPLICIT_RETAIN_SELF = YES;
				CLANG_WARN_OBJC_LITERAL_CONVERSION = YES;
				CLANG_WARN_RANGE_LOOP_ANALYSIS = YES;
				CLANG_WARN_STRICT_PROTOTYPES = YES;
				CLANG_WARN_SUSPICIOUS_MOVE = YES;
				CLANG_WARN_UNREACHABLE_CODE = YES;
				CLANG_WARN__DUPLICATE_METHOD_MATCH = YES;
				COMBINE_HIDPI_IMAGES = YES;
				COPY_PHASE_STRIP = NO;
				DEBUG_INFORMATION_FORMAT = dwarf;
				DYLIB_INSTALL_NAME_BASE = "@rpath";
				ENABLE_NS_ASSERTIONS = YES;
				ENABLE_STRICT_OBJC_MSGSEND = YES;
				ENABLE_TESTABILITY = YES;
				GCC_NO_COMMON_BLOCKS = YES;
				GCC_OPTIMIZATION_LEVEL = 0;
				GCC_WARN_64_TO_32_BIT_CONVERSION = YES;
				GCC_WARN_ABOUT_RETURN_TYPE = YES;
				GCC_WARN_UNDECLARED_SELECTOR = YES;
				GCC_WARN_UNINITIALIZED_AUTOS = YES;
				GCC_WARN_UNUSED_FUNCTION = YES;
				GCC_WARN_UNUSED_VARIABLE = YES;
				MACOSX_DEPLOYMENT_TARGET = 10.10;
				ONLY_ACTIVE_ARCH = YES;
				OTHER_SWIFT_FLAGS = "-DXcode";
				PRODUCT_NAME = "$(TARGET_NAME)";
				SDKROOT = macosx;
				SUPPORTED_PLATFORMS = "macosx iphoneos iphonesimulator appletvos appletvsimulator watchos watchsimulator";
				SWIFT_ACTIVE_COMPILATION_CONDITIONS = SWIFT_PACKAGE;
				SWIFT_OPTIMIZATION_LEVEL = "-Onone";
				USE_HEADERMAP = NO;
			};
			name = Debug;
		};
		OBJ_33 /* Debug */ = {
			isa = XCBuildConfiguration;
			buildSettings = {
				CLANG_ENABLE_MODULES = YES;
				CODE_SIGN_IDENTITY = "";
				CODE_SIGN_STYLE = Automatic;
				DEFINES_MODULE = YES;
				ENABLE_TESTABILITY = YES;
				FRAMEWORK_SEARCH_PATHS = (
					"$(inherited)",
					"$(PLATFORM_DIR)/Developer/Library/Frameworks",
				);
				HEADER_SEARCH_PATHS = "$(inherited)";
				INFOPLIST_FILE = IotaKit.xcodeproj/IotaKit_Info.plist;
				IPHONEOS_DEPLOYMENT_TARGET = 8.0;
				LD_RUNPATH_SEARCH_PATHS = "$(TOOLCHAIN_DIR)/usr/lib/swift/macosx";
				OTHER_LDFLAGS = "$(inherited)";
				OTHER_SWIFT_FLAGS = "$(inherited)";
				PRODUCT_BUNDLE_IDENTIFIER = IotaKit;
				PRODUCT_MODULE_NAME = "$(TARGET_NAME:c99extidentifier)";
				PRODUCT_NAME = "$(TARGET_NAME:c99extidentifier)";
				SKIP_INSTALL = YES;
				SWIFT_INCLUDE_PATHS = "${SRCROOT}/Sources/sha3/** ${SRCROOT}/Sources/cpow";
				SWIFT_OPTIMIZATION_LEVEL = "-Onone";
				SWIFT_VERSION = 4.0;
				TARGET_NAME = IotaKit;
			};
			name = Debug;
		};
		OBJ_34 /* Release */ = {
			isa = XCBuildConfiguration;
			buildSettings = {
				CLANG_ENABLE_MODULES = YES;
				CODE_SIGN_IDENTITY = "";
				CODE_SIGN_STYLE = Automatic;
				DEFINES_MODULE = YES;
				ENABLE_TESTABILITY = NO;
				FRAMEWORK_SEARCH_PATHS = (
					"$(inherited)",
					"$(PLATFORM_DIR)/Developer/Library/Frameworks",
				);
				HEADER_SEARCH_PATHS = "$(inherited)";
				INFOPLIST_FILE = IotaKit.xcodeproj/IotaKit_Info.plist;
				IPHONEOS_DEPLOYMENT_TARGET = 8.0;
				LD_RUNPATH_SEARCH_PATHS = "$(TOOLCHAIN_DIR)/usr/lib/swift/macosx";
				OTHER_LDFLAGS = "$(inherited)";
				OTHER_SWIFT_FLAGS = "$(inherited)";
				PRODUCT_BUNDLE_IDENTIFIER = IotaKit;
				PRODUCT_MODULE_NAME = "$(TARGET_NAME:c99extidentifier)";
				PRODUCT_NAME = "$(TARGET_NAME:c99extidentifier)";
				SKIP_INSTALL = YES;
				SWIFT_COMPILATION_MODE = wholemodule;
				SWIFT_DISABLE_SAFETY_CHECKS = YES;
				SWIFT_INCLUDE_PATHS = "${SRCROOT}/Sources/sha3/** ${SRCROOT}/Sources/cpow";
				SWIFT_VERSION = 4.0;
				TARGET_NAME = IotaKit;
			};
			name = Release;
		};
		OBJ_4 /* Release */ = {
			isa = XCBuildConfiguration;
			buildSettings = {
				CLANG_ENABLE_OBJC_ARC = YES;
				CLANG_WARN_BLOCK_CAPTURE_AUTORELEASING = YES;
				CLANG_WARN_BOOL_CONVERSION = YES;
				CLANG_WARN_COMMA = YES;
				CLANG_WARN_CONSTANT_CONVERSION = YES;
				CLANG_WARN_DEPRECATED_OBJC_IMPLEMENTATIONS = YES;
				CLANG_WARN_EMPTY_BODY = YES;
				CLANG_WARN_ENUM_CONVERSION = YES;
				CLANG_WARN_INFINITE_RECURSION = YES;
				CLANG_WARN_INT_CONVERSION = YES;
				CLANG_WARN_NON_LITERAL_NULL_CONVERSION = YES;
				CLANG_WARN_OBJC_IMPLICIT_RETAIN_SELF = YES;
				CLANG_WARN_OBJC_LITERAL_CONVERSION = YES;
				CLANG_WARN_RANGE_LOOP_ANALYSIS = YES;
				CLANG_WARN_STRICT_PROTOTYPES = YES;
				CLANG_WARN_SUSPICIOUS_MOVE = YES;
				CLANG_WARN_UNREACHABLE_CODE = YES;
				CLANG_WARN__DUPLICATE_METHOD_MATCH = YES;
				COMBINE_HIDPI_IMAGES = YES;
				COPY_PHASE_STRIP = YES;
				DEBUG_INFORMATION_FORMAT = "dwarf-with-dsym";
				DYLIB_INSTALL_NAME_BASE = "@rpath";
				ENABLE_STRICT_OBJC_MSGSEND = YES;
				GCC_NO_COMMON_BLOCKS = YES;
				GCC_OPTIMIZATION_LEVEL = s;
				GCC_WARN_64_TO_32_BIT_CONVERSION = YES;
				GCC_WARN_ABOUT_RETURN_TYPE = YES;
				GCC_WARN_UNDECLARED_SELECTOR = YES;
				GCC_WARN_UNINITIALIZED_AUTOS = YES;
				GCC_WARN_UNUSED_FUNCTION = YES;
				GCC_WARN_UNUSED_VARIABLE = YES;
				MACOSX_DEPLOYMENT_TARGET = 10.10;
				OTHER_SWIFT_FLAGS = "-DXcode";
				PRODUCT_NAME = "$(TARGET_NAME)";
				SDKROOT = macosx;
				SUPPORTED_PLATFORMS = "macosx iphoneos iphonesimulator appletvos appletvsimulator watchos watchsimulator";
				SWIFT_ACTIVE_COMPILATION_CONDITIONS = SWIFT_PACKAGE;
				SWIFT_OPTIMIZATION_LEVEL = "-Owholemodule";
				USE_HEADERMAP = NO;
			};
			name = Release;
		};
		OBJ_40 /* Debug */ = {
			isa = XCBuildConfiguration;
			buildSettings = {
				CLANG_ENABLE_MODULES = YES;
				LD_RUNPATH_SEARCH_PATHS = "$(inherited) @executable_path/Frameworks @loader_path/Frameworks";
				SWIFT_OPTIMIZATION_LEVEL = "-Onone";
				SWIFT_VERSION = 3.0;
			};
			name = Debug;
		};
		OBJ_41 /* Release */ = {
			isa = XCBuildConfiguration;
			buildSettings = {
				CLANG_ENABLE_MODULES = YES;
				LD_RUNPATH_SEARCH_PATHS = "$(inherited) @executable_path/Frameworks @loader_path/Frameworks";
				SWIFT_VERSION = 3.0;
			};
			name = Release;
		};
/* End XCBuildConfiguration section */

/* Begin XCConfigurationList section */
		502827F320326A230035B084 /* Build configuration list for PBXAggregateTarget "Docs" */ = {
			isa = XCConfigurationList;
			buildConfigurations = (
				502827F120326A230035B084 /* Debug */,
				502827F220326A230035B084 /* Release */,
			);
			defaultConfigurationIsVisible = 0;
			defaultConfigurationName = Debug;
		};
		50FB5805202658B2007A36CF /* Build configuration list for PBXAggregateTarget "Universal" */ = {
			isa = XCConfigurationList;
			buildConfigurations = (
				50FB5803202658B2007A36CF /* Debug */,
				50FB5804202658B2007A36CF /* Release */,
			);
			defaultConfigurationIsVisible = 0;
			defaultConfigurationName = Debug;
		};
		OBJ_17 /* Build configuration list for PBXNativeTarget "IotaKitPackageDescription" */ = {
			isa = XCConfigurationList;
			buildConfigurations = (
				OBJ_18 /* Debug */,
				OBJ_19 /* Release */,
			);
			defaultConfigurationIsVisible = 0;
			defaultConfigurationName = Debug;
		};
		OBJ_2 /* Build configuration list for PBXProject "IotaKit" */ = {
			isa = XCConfigurationList;
			buildConfigurations = (
				OBJ_3 /* Debug */,
				OBJ_4 /* Release */,
			);
			defaultConfigurationIsVisible = 0;
			defaultConfigurationName = Debug;
		};
		OBJ_23 /* Build configuration list for PBXNativeTarget "IotaKitTests" */ = {
			isa = XCConfigurationList;
			buildConfigurations = (
				OBJ_24 /* Debug */,
				OBJ_25 /* Release */,
			);
			defaultConfigurationIsVisible = 0;
			defaultConfigurationName = Debug;
		};
		OBJ_32 /* Build configuration list for PBXNativeTarget "IotaKit" */ = {
			isa = XCConfigurationList;
			buildConfigurations = (
				OBJ_33 /* Debug */,
				OBJ_34 /* Release */,
			);
			defaultConfigurationIsVisible = 0;
			defaultConfigurationName = Debug;
		};
		OBJ_39 /* Build configuration list for PBXAggregateTarget "IotaKitPackageTests" */ = {
			isa = XCConfigurationList;
			buildConfigurations = (
				OBJ_40 /* Debug */,
				OBJ_41 /* Release */,
			);
			defaultConfigurationIsVisible = 0;
			defaultConfigurationName = Debug;
		};
/* End XCConfigurationList section */
	};
	rootObject = OBJ_1 /* Project object */;
}
