// !$*UTF8*$!
{
	archiveVersion = 1;
	classes = {
	};
	objectVersion = 46;
	objects = {

/* Begin PBXAggregateTarget section */
		"IotaKit::IotaKitPackageTests::ProductTarget" /* IotaKitPackageTests */ = {
			isa = PBXAggregateTarget;
			buildConfigurationList = OBJ_39 /* Build configuration list for PBXAggregateTarget "IotaKitPackageTests" */;
			buildPhases = (
			);
			dependencies = (
				OBJ_42 /* PBXTargetDependency */,
			);
			name = IotaKitPackageTests;
			productName = IotaKitPackageTests;
		};
/* End PBXAggregateTarget section */

/* Begin PBXBuildFile section */
		503F6336200B66B700CE0F6F /* IotaNodeSelector.swift in Sources */ = {isa = PBXBuildFile; fileRef = 503F6335200B66B700CE0F6F /* IotaNodeSelector.swift */; };
		504C6C242006AF8A007C6C7E /* Kerl.swift in Sources */ = {isa = PBXBuildFile; fileRef = 504C6C0E2006AF89007C6C7E /* Kerl.swift */; };
		504C6C252006AF8A007C6C7E /* WSUtils.swift in Sources */ = {isa = PBXBuildFile; fileRef = 504C6C102006AF89007C6C7E /* WSUtils.swift */; };
		504C6C262006AF8A007C6C7E /* Utils.swift in Sources */ = {isa = PBXBuildFile; fileRef = 504C6C112006AF89007C6C7E /* Utils.swift */; };
		504C6C272006AF8A007C6C7E /* Iota.swift in Sources */ = {isa = PBXBuildFile; fileRef = 504C6C122006AF89007C6C7E /* Iota.swift */; };
		504C6C282006AF8A007C6C7E /* IotaAPIUtils.swift in Sources */ = {isa = PBXBuildFile; fileRef = 504C6C132006AF89007C6C7E /* IotaAPIUtils.swift */; };
		504C6C2B2006AF8A007C6C7E /* Signing.swift in Sources */ = {isa = PBXBuildFile; fileRef = 504C6C182006AF89007C6C7E /* Signing.swift */; };
		504C6C2C2006AF8A007C6C7E /* Sha3.swift in Sources */ = {isa = PBXBuildFile; fileRef = 504C6C192006AF89007C6C7E /* Sha3.swift */; };
		504C6C2D2006AF8A007C6C7E /* Checksum.swift in Sources */ = {isa = PBXBuildFile; fileRef = 504C6C1A2006AF89007C6C7E /* Checksum.swift */; };
		504C6C2E2006AF8A007C6C7E /* Converter.swift in Sources */ = {isa = PBXBuildFile; fileRef = 504C6C1B2006AF89007C6C7E /* Converter.swift */; };
		504C6C2F2006AF8A007C6C7E /* IotaAPIService.swift in Sources */ = {isa = PBXBuildFile; fileRef = 504C6C1C2006AF89007C6C7E /* IotaAPIService.swift */; };
		504C6C312006AF8A007C6C7E /* PAWS.swift in Sources */ = {isa = PBXBuildFile; fileRef = 504C6C1F2006AF8A007C6C7E /* PAWS.swift */; };
		504C6C322006AF8A007C6C7E /* IotaAPIServiceProtocol.swift in Sources */ = {isa = PBXBuildFile; fileRef = 504C6C202006AF8A007C6C7E /* IotaAPIServiceProtocol.swift */; };
		504C6C332006AF8A007C6C7E /* Models.swift in Sources */ = {isa = PBXBuildFile; fileRef = 504C6C232006AF8A007C6C7E /* Models.swift */; };
		504C6CA82006C2BC007C6C7E /* sha3.c in Sources */ = {isa = PBXBuildFile; fileRef = 504C6CA72006C2BC007C6C7E /* sha3.c */; };
		50F1DF87200C26FE005D91C6 /* IotaBundleExtension.swift in Sources */ = {isa = PBXBuildFile; fileRef = 50F1DF86200C26FE005D91C6 /* IotaBundleExtension.swift */; };
		50F1DF8C200C2C62005D91C6 /* IotaTransactionExtension.swift in Sources */ = {isa = PBXBuildFile; fileRef = 50F1DF8B200C2C62005D91C6 /* IotaTransactionExtension.swift */; };
		OBJ_21 /* Package.swift in Sources */ = {isa = PBXBuildFile; fileRef = OBJ_6 /* Package.swift */; };
		OBJ_27 /* IotaKitTests.swift in Sources */ = {isa = PBXBuildFile; fileRef = OBJ_12 /* IotaKitTests.swift */; };
		OBJ_29 /* IotaKit.framework in Frameworks */ = {isa = PBXBuildFile; fileRef = "IotaKit::IotaKit::Product" /* IotaKit.framework */; };
/* End PBXBuildFile section */

/* Begin PBXContainerItemProxy section */
		504C6C0C2006AF40007C6C7E /* PBXContainerItemProxy */ = {
			isa = PBXContainerItemProxy;
			containerPortal = OBJ_1 /* Project object */;
			proxyType = 1;
			remoteGlobalIDString = "IotaKit::IotaKit";
			remoteInfo = IotaKit;
		};
		504C6C0D2006AF41007C6C7E /* PBXContainerItemProxy */ = {
			isa = PBXContainerItemProxy;
			containerPortal = OBJ_1 /* Project object */;
			proxyType = 1;
			remoteGlobalIDString = "IotaKit::IotaKitTests";
			remoteInfo = IotaKitTests;
		};
/* End PBXContainerItemProxy section */

/* Begin PBXFileReference section */
		503F6335200B66B700CE0F6F /* IotaNodeSelector.swift */ = {isa = PBXFileReference; lastKnownFileType = sourcecode.swift; path = IotaNodeSelector.swift; sourceTree = "<group>"; };
		504C6C0E2006AF89007C6C7E /* Kerl.swift */ = {isa = PBXFileReference; fileEncoding = 4; lastKnownFileType = sourcecode.swift; path = Kerl.swift; sourceTree = "<group>"; };
		504C6C102006AF89007C6C7E /* WSUtils.swift */ = {isa = PBXFileReference; fileEncoding = 4; lastKnownFileType = sourcecode.swift; path = WSUtils.swift; sourceTree = "<group>"; };
		504C6C112006AF89007C6C7E /* Utils.swift */ = {isa = PBXFileReference; fileEncoding = 4; lastKnownFileType = sourcecode.swift; path = Utils.swift; sourceTree = "<group>"; };
		504C6C122006AF89007C6C7E /* Iota.swift */ = {isa = PBXFileReference; fileEncoding = 4; lastKnownFileType = sourcecode.swift; path = Iota.swift; sourceTree = "<group>"; };
		504C6C132006AF89007C6C7E /* IotaAPIUtils.swift */ = {isa = PBXFileReference; fileEncoding = 4; lastKnownFileType = sourcecode.swift; path = IotaAPIUtils.swift; sourceTree = "<group>"; };
		504C6C182006AF89007C6C7E /* Signing.swift */ = {isa = PBXFileReference; fileEncoding = 4; lastKnownFileType = sourcecode.swift; path = Signing.swift; sourceTree = "<group>"; };
		504C6C192006AF89007C6C7E /* Sha3.swift */ = {isa = PBXFileReference; fileEncoding = 4; lastKnownFileType = sourcecode.swift; path = Sha3.swift; sourceTree = "<group>"; };
		504C6C1A2006AF89007C6C7E /* Checksum.swift */ = {isa = PBXFileReference; fileEncoding = 4; lastKnownFileType = sourcecode.swift; path = Checksum.swift; sourceTree = "<group>"; };
		504C6C1B2006AF89007C6C7E /* Converter.swift */ = {isa = PBXFileReference; fileEncoding = 4; lastKnownFileType = sourcecode.swift; path = Converter.swift; sourceTree = "<group>"; };
		504C6C1C2006AF89007C6C7E /* IotaAPIService.swift */ = {isa = PBXFileReference; fileEncoding = 4; lastKnownFileType = sourcecode.swift; path = IotaAPIService.swift; sourceTree = "<group>"; };
		504C6C1F2006AF8A007C6C7E /* PAWS.swift */ = {isa = PBXFileReference; fileEncoding = 4; lastKnownFileType = sourcecode.swift; path = PAWS.swift; sourceTree = "<group>"; };
		504C6C202006AF8A007C6C7E /* IotaAPIServiceProtocol.swift */ = {isa = PBXFileReference; fileEncoding = 4; lastKnownFileType = sourcecode.swift; path = IotaAPIServiceProtocol.swift; sourceTree = "<group>"; };
		504C6C232006AF8A007C6C7E /* Models.swift */ = {isa = PBXFileReference; fileEncoding = 4; lastKnownFileType = sourcecode.swift; path = Models.swift; sourceTree = "<group>"; };
		504C6CA52006C2BC007C6C7E /* sha3.h */ = {isa = PBXFileReference; fileEncoding = 4; lastKnownFileType = sourcecode.c.h; path = sha3.h; sourceTree = "<group>"; };
		504C6CA62006C2BC007C6C7E /* module.modulemap */ = {isa = PBXFileReference; fileEncoding = 4; lastKnownFileType = "sourcecode.module-map"; path = module.modulemap; sourceTree = "<group>"; };
		504C6CA72006C2BC007C6C7E /* sha3.c */ = {isa = PBXFileReference; fileEncoding = 4; lastKnownFileType = sourcecode.c.c; path = sha3.c; sourceTree = "<group>"; };
		504C6CF22006D963007C6C7E /* Iota.playground */ = {isa = PBXFileReference; lastKnownFileType = file.playground; path = Iota.playground; sourceTree = "<group>"; xcLanguageSpecificationIdentifier = xcode.lang.swift; };
		50F1DF86200C26FE005D91C6 /* IotaBundleExtension.swift */ = {isa = PBXFileReference; lastKnownFileType = sourcecode.swift; path = IotaBundleExtension.swift; sourceTree = "<group>"; };
		50F1DF8B200C2C62005D91C6 /* IotaTransactionExtension.swift */ = {isa = PBXFileReference; lastKnownFileType = sourcecode.swift; path = IotaTransactionExtension.swift; sourceTree = "<group>"; };
		"IotaKit::IotaKit::Product" /* IotaKit.framework */ = {isa = PBXFileReference; explicitFileType = wrapper.framework; path = IotaKit.framework; sourceTree = BUILT_PRODUCTS_DIR; };
		"IotaKit::IotaKitTests::Product" /* IotaKitTests.xctest */ = {isa = PBXFileReference; explicitFileType = wrapper.cfbundle; path = IotaKitTests.xctest; sourceTree = BUILT_PRODUCTS_DIR; };
		OBJ_12 /* IotaKitTests.swift */ = {isa = PBXFileReference; lastKnownFileType = sourcecode.swift; path = IotaKitTests.swift; sourceTree = "<group>"; };
		OBJ_6 /* Package.swift */ = {isa = PBXFileReference; explicitFileType = sourcecode.swift; path = Package.swift; sourceTree = "<group>"; };
/* End PBXFileReference section */

/* Begin PBXFrameworksBuildPhase section */
		OBJ_28 /* Frameworks */ = {
			isa = PBXFrameworksBuildPhase;
			buildActionMask = 0;
			files = (
				OBJ_29 /* IotaKit.framework in Frameworks */,
			);
			runOnlyForDeploymentPostprocessing = 0;
		};
		OBJ_37 /* Frameworks */ = {
			isa = PBXFrameworksBuildPhase;
			buildActionMask = 0;
			files = (
			);
			runOnlyForDeploymentPostprocessing = 0;
		};
/* End PBXFrameworksBuildPhase section */

/* Begin PBXGroup section */
		504C6C0F2006AF89007C6C7E /* Utils */ = {
			isa = PBXGroup;
			children = (
				504C6C102006AF89007C6C7E /* WSUtils.swift */,
				504C6C112006AF89007C6C7E /* Utils.swift */,
			);
			path = Utils;
			sourceTree = "<group>";
		};
		504C6C1E2006AF8A007C6C7E /* Connectors */ = {
			isa = PBXGroup;
			children = (
				504C6C1F2006AF8A007C6C7E /* PAWS.swift */,
				504C6C202006AF8A007C6C7E /* IotaAPIServiceProtocol.swift */,
			);
			path = Connectors;
			sourceTree = "<group>";
		};
		504C6CA42006C2BC007C6C7E /* sha3 */ = {
			isa = PBXGroup;
			children = (
				504C6CA62006C2BC007C6C7E /* module.modulemap */,
				504C6CA52006C2BC007C6C7E /* sha3.h */,
				504C6CA72006C2BC007C6C7E /* sha3.c */,
			);
			path = sha3;
			sourceTree = "<group>";
		};
		50F1DF8A200C29F3005D91C6 /* ModelExtensions */ = {
			isa = PBXGroup;
			children = (
				50F1DF86200C26FE005D91C6 /* IotaBundleExtension.swift */,
				50F1DF8B200C2C62005D91C6 /* IotaTransactionExtension.swift */,
			);
			path = ModelExtensions;
			sourceTree = "<group>";
		};
		OBJ_10 /* Tests */ = {
			isa = PBXGroup;
			children = (
				OBJ_11 /* IotaKitTests */,
			);
			name = Tests;
			sourceTree = SOURCE_ROOT;
		};
		OBJ_11 /* IotaKitTests */ = {
			isa = PBXGroup;
			children = (
				OBJ_12 /* IotaKitTests.swift */,
			);
			name = IotaKitTests;
			path = Tests/IotaKitTests;
			sourceTree = SOURCE_ROOT;
		};
		OBJ_13 /* Products */ = {
			isa = PBXGroup;
			children = (
				"IotaKit::IotaKitTests::Product" /* IotaKitTests.xctest */,
				"IotaKit::IotaKit::Product" /* IotaKit.framework */,
			);
			name = Products;
			sourceTree = BUILT_PRODUCTS_DIR;
		};
		OBJ_5 = {
			isa = PBXGroup;
			children = (
				504C6CF22006D963007C6C7E /* Iota.playground */,
				OBJ_6 /* Package.swift */,
				OBJ_7 /* Sources */,
				OBJ_10 /* Tests */,
				OBJ_13 /* Products */,
			);
			sourceTree = "<group>";
		};
		OBJ_7 /* Sources */ = {
			isa = PBXGroup;
			children = (
				OBJ_8 /* IotaKit */,
			);
			name = Sources;
			sourceTree = SOURCE_ROOT;
		};
		OBJ_8 /* IotaKit */ = {
			isa = PBXGroup;
			children = (
				504C6CA42006C2BC007C6C7E /* sha3 */,
				504C6C1E2006AF8A007C6C7E /* Connectors */,
				504C6C0F2006AF89007C6C7E /* Utils */,
				50F1DF8A200C29F3005D91C6 /* ModelExtensions */,
				504C6C192006AF89007C6C7E /* Sha3.swift */,
				504C6C1A2006AF89007C6C7E /* Checksum.swift */,
				503F6335200B66B700CE0F6F /* IotaNodeSelector.swift */,
				504C6C1B2006AF89007C6C7E /* Converter.swift */,
				504C6C122006AF89007C6C7E /* Iota.swift */,
				504C6C1C2006AF89007C6C7E /* IotaAPIService.swift */,
				504C6C132006AF89007C6C7E /* IotaAPIUtils.swift */,
				504C6C0E2006AF89007C6C7E /* Kerl.swift */,
				504C6C232006AF8A007C6C7E /* Models.swift */,
				504C6C182006AF89007C6C7E /* Signing.swift */,
			);
			name = IotaKit;
			path = Sources/IotaKit;
			sourceTree = SOURCE_ROOT;
		};
/* End PBXGroup section */

/* Begin PBXNativeTarget section */
		"IotaKit::IotaKit" /* IotaKit */ = {
			isa = PBXNativeTarget;
			buildConfigurationList = OBJ_32 /* Build configuration list for PBXNativeTarget "IotaKit" */;
			buildPhases = (
				OBJ_35 /* Sources */,
				OBJ_37 /* Frameworks */,
				504C6C6A2006B78D007C6C7E /* Resources */,
			);
			buildRules = (
			);
			dependencies = (
			);
			name = IotaKit;
			productName = IotaKit;
			productReference = "IotaKit::IotaKit::Product" /* IotaKit.framework */;
			productType = "com.apple.product-type.framework";
		};
		"IotaKit::IotaKitTests" /* IotaKitTests */ = {
			isa = PBXNativeTarget;
			buildConfigurationList = OBJ_23 /* Build configuration list for PBXNativeTarget "IotaKitTests" */;
			buildPhases = (
				OBJ_26 /* Sources */,
				OBJ_28 /* Frameworks */,
			);
			buildRules = (
			);
			dependencies = (
				OBJ_30 /* PBXTargetDependency */,
			);
			name = IotaKitTests;
			productName = IotaKitTests;
			productReference = "IotaKit::IotaKitTests::Product" /* IotaKitTests.xctest */;
			productType = "com.apple.product-type.bundle.unit-test";
		};
		"IotaKit::SwiftPMPackageDescription" /* IotaKitPackageDescription */ = {
			isa = PBXNativeTarget;
			buildConfigurationList = OBJ_17 /* Build configuration list for PBXNativeTarget "IotaKitPackageDescription" */;
			buildPhases = (
				OBJ_20 /* Sources */,
			);
			buildRules = (
			);
			dependencies = (
			);
			name = IotaKitPackageDescription;
			productName = IotaKitPackageDescription;
			productType = "com.apple.product-type.framework";
		};
/* End PBXNativeTarget section */

/* Begin PBXProject section */
		OBJ_1 /* Project object */ = {
			isa = PBXProject;
			attributes = {
				LastUpgradeCheck = 9999;
				TargetAttributes = {
					"IotaKit::IotaKit" = {
						LastSwiftMigration = 0920;
					};
				};
			};
			buildConfigurationList = OBJ_2 /* Build configuration list for PBXProject "IotaKit" */;
			compatibilityVersion = "Xcode 3.2";
			developmentRegion = English;
			hasScannedForEncodings = 0;
			knownRegions = (
				en,
			);
			mainGroup = OBJ_5;
			productRefGroup = OBJ_13 /* Products */;
			projectDirPath = "";
			projectRoot = "";
			targets = (
				"IotaKit::SwiftPMPackageDescription" /* IotaKitPackageDescription */,
				"IotaKit::IotaKitTests" /* IotaKitTests */,
				"IotaKit::IotaKit" /* IotaKit */,
				"IotaKit::IotaKitPackageTests::ProductTarget" /* IotaKitPackageTests */,
			);
		};
/* End PBXProject section */

/* Begin PBXResourcesBuildPhase section */
		504C6C6A2006B78D007C6C7E /* Resources */ = {
			isa = PBXResourcesBuildPhase;
			buildActionMask = 2147483647;
			files = (
			);
			runOnlyForDeploymentPostprocessing = 0;
		};
/* End PBXResourcesBuildPhase section */

/* Begin PBXSourcesBuildPhase section */
		OBJ_20 /* Sources */ = {
			isa = PBXSourcesBuildPhase;
			buildActionMask = 0;
			files = (
				OBJ_21 /* Package.swift in Sources */,
			);
			runOnlyForDeploymentPostprocessing = 0;
		};
		OBJ_26 /* Sources */ = {
			isa = PBXSourcesBuildPhase;
			buildActionMask = 0;
			files = (
				OBJ_27 /* IotaKitTests.swift in Sources */,
			);
			runOnlyForDeploymentPostprocessing = 0;
		};
		OBJ_35 /* Sources */ = {
			isa = PBXSourcesBuildPhase;
			buildActionMask = 0;
			files = (
				504C6C242006AF8A007C6C7E /* Kerl.swift in Sources */,
				50F1DF87200C26FE005D91C6 /* IotaBundleExtension.swift in Sources */,
				503F6336200B66B700CE0F6F /* IotaNodeSelector.swift in Sources */,
				504C6C2E2006AF8A007C6C7E /* Converter.swift in Sources */,
				504C6C322006AF8A007C6C7E /* IotaAPIServiceProtocol.swift in Sources */,
				504C6C252006AF8A007C6C7E /* WSUtils.swift in Sources */,
				504C6C272006AF8A007C6C7E /* Iota.swift in Sources */,
				504C6CA82006C2BC007C6C7E /* sha3.c in Sources */,
				504C6C282006AF8A007C6C7E /* IotaAPIUtils.swift in Sources */,
				504C6C2C2006AF8A007C6C7E /* Sha3.swift in Sources */,
				50F1DF8C200C2C62005D91C6 /* IotaTransactionExtension.swift in Sources */,
				504C6C262006AF8A007C6C7E /* Utils.swift in Sources */,
				504C6C2F2006AF8A007C6C7E /* IotaAPIService.swift in Sources */,
				504C6C2D2006AF8A007C6C7E /* Checksum.swift in Sources */,
				504C6C332006AF8A007C6C7E /* Models.swift in Sources */,
				504C6C312006AF8A007C6C7E /* PAWS.swift in Sources */,
				504C6C2B2006AF8A007C6C7E /* Signing.swift in Sources */,
			);
			runOnlyForDeploymentPostprocessing = 0;
		};
/* End PBXSourcesBuildPhase section */

/* Begin PBXTargetDependency section */
		OBJ_30 /* PBXTargetDependency */ = {
			isa = PBXTargetDependency;
			target = "IotaKit::IotaKit" /* IotaKit */;
			targetProxy = 504C6C0C2006AF40007C6C7E /* PBXContainerItemProxy */;
		};
		OBJ_42 /* PBXTargetDependency */ = {
			isa = PBXTargetDependency;
			target = "IotaKit::IotaKitTests" /* IotaKitTests */;
			targetProxy = 504C6C0D2006AF41007C6C7E /* PBXContainerItemProxy */;
		};
/* End PBXTargetDependency section */

/* Begin XCBuildConfiguration section */
		OBJ_18 /* Debug */ = {
			isa = XCBuildConfiguration;
			buildSettings = {
				HEADER_SEARCH_PATHS = "";
				LD = /usr/bin/true;
				OTHER_SWIFT_FLAGS = "-swift-version 4 -I /Applications/Xcode.app/Contents/Developer/Toolchains/XcodeDefault.xctoolchain/usr/lib/swift/pm/4 -target x86_64-apple-macosx10.10 -sdk /Applications/Xcode.app/Contents/Developer/Platforms/MacOSX.platform/Developer/SDKs/MacOSX10.13.sdk";
				SWIFT_VERSION = 4.0;
			};
			name = Debug;
		};
		OBJ_19 /* Release */ = {
			isa = XCBuildConfiguration;
			buildSettings = {
				HEADER_SEARCH_PATHS = "";
				LD = /usr/bin/true;
				OTHER_SWIFT_FLAGS = "-swift-version 4 -I /Applications/Xcode.app/Contents/Developer/Toolchains/XcodeDefault.xctoolchain/usr/lib/swift/pm/4 -target x86_64-apple-macosx10.10 -sdk /Applications/Xcode.app/Contents/Developer/Platforms/MacOSX.platform/Developer/SDKs/MacOSX10.13.sdk";
				SWIFT_VERSION = 4.0;
			};
			name = Release;
		};
		OBJ_24 /* Debug */ = {
			isa = XCBuildConfiguration;
			buildSettings = {
				ALWAYS_EMBED_SWIFT_STANDARD_LIBRARIES = YES;
				EMBEDDED_CONTENT_CONTAINS_SWIFT = YES;
				FRAMEWORK_SEARCH_PATHS = (
					"$(inherited)",
					"$(PLATFORM_DIR)/Developer/Library/Frameworks",
				);
				HEADER_SEARCH_PATHS = "$(inherited)";
				INFOPLIST_FILE = IotaKit.xcodeproj/IotaKitTests_Info.plist;
				LD_RUNPATH_SEARCH_PATHS = "@loader_path/../Frameworks @loader_path/Frameworks";
				OTHER_LDFLAGS = "$(inherited)";
				OTHER_SWIFT_FLAGS = "$(inherited)";
				SWIFT_VERSION = 4.0;
				TARGET_NAME = IotaKitTests;
			};
			name = Debug;
		};
		OBJ_25 /* Release */ = {
			isa = XCBuildConfiguration;
			buildSettings = {
				ALWAYS_EMBED_SWIFT_STANDARD_LIBRARIES = YES;
				EMBEDDED_CONTENT_CONTAINS_SWIFT = YES;
				FRAMEWORK_SEARCH_PATHS = (
					"$(inherited)",
					"$(PLATFORM_DIR)/Developer/Library/Frameworks",
				);
				HEADER_SEARCH_PATHS = "$(inherited)";
				INFOPLIST_FILE = IotaKit.xcodeproj/IotaKitTests_Info.plist;
				LD_RUNPATH_SEARCH_PATHS = "@loader_path/../Frameworks @loader_path/Frameworks";
				OTHER_LDFLAGS = "$(inherited)";
				OTHER_SWIFT_FLAGS = "$(inherited)";
				SWIFT_VERSION = 4.0;
				TARGET_NAME = IotaKitTests;
			};
			name = Release;
		};
		OBJ_3 /* Debug */ = {
			isa = XCBuildConfiguration;
			buildSettings = {
				CLANG_ENABLE_OBJC_ARC = YES;
				COMBINE_HIDPI_IMAGES = YES;
				COPY_PHASE_STRIP = NO;
				DEBUG_INFORMATION_FORMAT = dwarf;
				DYLIB_INSTALL_NAME_BASE = "@rpath";
				ENABLE_NS_ASSERTIONS = YES;
				GCC_OPTIMIZATION_LEVEL = 0;
				MACOSX_DEPLOYMENT_TARGET = 10.10;
				ONLY_ACTIVE_ARCH = YES;
				OTHER_SWIFT_FLAGS = "-DXcode";
				PRODUCT_NAME = "$(TARGET_NAME)";
				SDKROOT = macosx;
				SUPPORTED_PLATFORMS = "macosx iphoneos iphonesimulator appletvos appletvsimulator watchos watchsimulator";
				SWIFT_ACTIVE_COMPILATION_CONDITIONS = SWIFT_PACKAGE;
				SWIFT_OPTIMIZATION_LEVEL = "-Onone";
				USE_HEADERMAP = NO;
			};
			name = Debug;
		};
		OBJ_33 /* Debug */ = {
			isa = XCBuildConfiguration;
			buildSettings = {
				CLANG_ENABLE_MODULES = YES;
				DEFINES_MODULE = YES;
				ENABLE_TESTABILITY = YES;
				FRAMEWORK_SEARCH_PATHS = (
					"$(inherited)",
					"$(PLATFORM_DIR)/Developer/Library/Frameworks",
				);
				HEADER_SEARCH_PATHS = "$(inherited)";
				INFOPLIST_FILE = IotaKit.xcodeproj/IotaKit_Info.plist;
				LD_RUNPATH_SEARCH_PATHS = "$(TOOLCHAIN_DIR)/usr/lib/swift/macosx";
				OTHER_LDFLAGS = "$(inherited)";
				OTHER_SWIFT_FLAGS = "$(inherited)";
				PRODUCT_BUNDLE_IDENTIFIER = IotaKit;
				PRODUCT_MODULE_NAME = "$(TARGET_NAME:c99extidentifier)";
				PRODUCT_NAME = "$(TARGET_NAME:c99extidentifier)";
				SKIP_INSTALL = YES;
				SWIFT_INCLUDE_PATHS = "${SRCROOT}/**";
				SWIFT_OPTIMIZATION_LEVEL = "-Onone";
				SWIFT_VERSION = 4.0;
				TARGET_NAME = IotaKit;
			};
			name = Debug;
		};
		OBJ_34 /* Release */ = {
			isa = XCBuildConfiguration;
			buildSettings = {
				CLANG_ENABLE_MODULES = YES;
				DEFINES_MODULE = YES;
				ENABLE_TESTABILITY = YES;
				FRAMEWORK_SEARCH_PATHS = (
					"$(inherited)",
					"$(PLATFORM_DIR)/Developer/Library/Frameworks",
				);
				HEADER_SEARCH_PATHS = "$(inherited)";
				INFOPLIST_FILE = IotaKit.xcodeproj/IotaKit_Info.plist;
				LD_RUNPATH_SEARCH_PATHS = "$(TOOLCHAIN_DIR)/usr/lib/swift/macosx";
				OTHER_LDFLAGS = "$(inherited)";
				OTHER_SWIFT_FLAGS = "$(inherited)";
				PRODUCT_BUNDLE_IDENTIFIER = IotaKit;
				PRODUCT_MODULE_NAME = "$(TARGET_NAME:c99extidentifier)";
				PRODUCT_NAME = "$(TARGET_NAME:c99extidentifier)";
				SKIP_INSTALL = YES;
				SWIFT_INCLUDE_PATHS = "${SRCROOT}/**";
				SWIFT_VERSION = 4.0;
				TARGET_NAME = IotaKit;
			};
			name = Release;
		};
		OBJ_4 /* Release */ = {
			isa = XCBuildConfiguration;
			buildSettings = {
				CLANG_ENABLE_OBJC_ARC = YES;
				COMBINE_HIDPI_IMAGES = YES;
				COPY_PHASE_STRIP = YES;
				DEBUG_INFORMATION_FORMAT = "dwarf-with-dsym";
				DYLIB_INSTALL_NAME_BASE = "@rpath";
				GCC_OPTIMIZATION_LEVEL = s;
				MACOSX_DEPLOYMENT_TARGET = 10.10;
				OTHER_SWIFT_FLAGS = "-DXcode";
				PRODUCT_NAME = "$(TARGET_NAME)";
				SDKROOT = macosx;
				SUPPORTED_PLATFORMS = "macosx iphoneos iphonesimulator appletvos appletvsimulator watchos watchsimulator";
				SWIFT_ACTIVE_COMPILATION_CONDITIONS = SWIFT_PACKAGE;
				SWIFT_OPTIMIZATION_LEVEL = "-Owholemodule";
				USE_HEADERMAP = NO;
			};
			name = Release;
		};
		OBJ_40 /* Debug */ = {
			isa = XCBuildConfiguration;
			buildSettings = {
			};
			name = Debug;
		};
		OBJ_41 /* Release */ = {
			isa = XCBuildConfiguration;
			buildSettings = {
			};
			name = Release;
		};
/* End XCBuildConfiguration section */

/* Begin XCConfigurationList section */
		OBJ_17 /* Build configuration list for PBXNativeTarget "IotaKitPackageDescription" */ = {
			isa = XCConfigurationList;
			buildConfigurations = (
				OBJ_18 /* Debug */,
				OBJ_19 /* Release */,
			);
			defaultConfigurationIsVisible = 0;
			defaultConfigurationName = Debug;
		};
		OBJ_2 /* Build configuration list for PBXProject "IotaKit" */ = {
			isa = XCConfigurationList;
			buildConfigurations = (
				OBJ_3 /* Debug */,
				OBJ_4 /* Release */,
			);
			defaultConfigurationIsVisible = 0;
			defaultConfigurationName = Debug;
		};
		OBJ_23 /* Build configuration list for PBXNativeTarget "IotaKitTests" */ = {
			isa = XCConfigurationList;
			buildConfigurations = (
				OBJ_24 /* Debug */,
				OBJ_25 /* Release */,
			);
			defaultConfigurationIsVisible = 0;
			defaultConfigurationName = Debug;
		};
		OBJ_32 /* Build configuration list for PBXNativeTarget "IotaKit" */ = {
			isa = XCConfigurationList;
			buildConfigurations = (
				OBJ_33 /* Debug */,
				OBJ_34 /* Release */,
			);
			defaultConfigurationIsVisible = 0;
			defaultConfigurationName = Debug;
		};
		OBJ_39 /* Build configuration list for PBXAggregateTarget "IotaKitPackageTests" */ = {
			isa = XCConfigurationList;
			buildConfigurations = (
				OBJ_40 /* Debug */,
				OBJ_41 /* Release */,
			);
			defaultConfigurationIsVisible = 0;
			defaultConfigurationName = Debug;
		};
/* End XCConfigurationList section */
	};
	rootObject = OBJ_1 /* Project object */;
}
